// !$*UTF8*$!
{
	archiveVersion = 1;
	classes = {
	};
	objectVersion = 42;
	objects = {

/* Begin PBXBuildFile section */
		937C48270AD9220F00A104BB /* CURLHandle.h in Headers */ = {isa = PBXBuildFile; fileRef = F54C717B0237234E01A8000B /* CURLHandle.h */; settings = {ATTRIBUTES = (Public, ); }; };
		937C48280AD9220F00A104BB /* CURLHandle+extras.h in Headers */ = {isa = PBXBuildFile; fileRef = F54C717D0237234E01A8000B /* CURLHandle+extras.h */; settings = {ATTRIBUTES = (Public, ); }; };
		937C482A0AD9220F00A104BB /* CURLHandle.m in Sources */ = {isa = PBXBuildFile; fileRef = F54C717C0237234E01A8000B /* CURLHandle.m */; };
		937C482B0AD9220F00A104BB /* CURLHandle+extras.m in Sources */ = {isa = PBXBuildFile; fileRef = F54C717E0237234E01A8000B /* CURLHandle+extras.m */; };
		937C482D0AD9220F00A104BB /* Cocoa.framework in Frameworks */ = {isa = PBXBuildFile; fileRef = 1058C7B1FEA5585E11CA2CBB /* Cocoa.framework */; };
		937C482E0AD9220F00A104BB /* SystemConfiguration.framework in Frameworks */ = {isa = PBXBuildFile; fileRef = F678076802C3B7D701A80181 /* SystemConfiguration.framework */; };
		937C482F0AD9220F00A104BB /* libcrypto.dylib in Frameworks */ = {isa = PBXBuildFile; fileRef = F64D8475030830E401A80102 /* libcrypto.dylib */; };
		937C48300AD9220F00A104BB /* libssl.dylib in Frameworks */ = {isa = PBXBuildFile; fileRef = F64D8477030830FA01A80102 /* libssl.dylib */; };
		937C48310AD9220F00A104BB /* libc.dylib in Frameworks */ = {isa = PBXBuildFile; fileRef = F6FDDA56038C338601A80133 /* libc.dylib */; };
		937C48320AD9220F00A104BB /* libz.dylib in Frameworks */ = {isa = PBXBuildFile; fileRef = F6FDDA58038C339801A80133 /* libz.dylib */; };
		9394B92C0AD9419A0066CD67 /* libcurl.dylib in Frameworks */ = {isa = PBXBuildFile; fileRef = 9394B92B0AD9419A0066CD67 /* libcurl.dylib */; };
		9394B9690AD9466A0066CD67 /* cacert.pem in Resources */ = {isa = PBXBuildFile; fileRef = 9394B9640AD946570066CD67 /* cacert.pem */; };
/* End PBXBuildFile section */

/* Begin PBXFileReference section */
		0867D69BFE84028FC02AAC07 /* Foundation.framework */ = {isa = PBXFileReference; lastKnownFileType = wrapper.framework; name = Foundation.framework; path = /System/Library/Frameworks/Foundation.framework; sourceTree = "<absolute>"; };
		0867D6A5FE840307C02AAC07 /* AppKit.framework */ = {isa = PBXFileReference; lastKnownFileType = wrapper.framework; name = AppKit.framework; path = /System/Library/Frameworks/AppKit.framework; sourceTree = "<absolute>"; };
		1058C7B1FEA5585E11CA2CBB /* Cocoa.framework */ = {isa = PBXFileReference; lastKnownFileType = wrapper.framework; name = Cocoa.framework; path = /System/Library/Frameworks/Cocoa.framework; sourceTree = "<absolute>"; };
		937C48370AD9220F00A104BB /* Info-CURLHandle.plist */ = {isa = PBXFileReference; lastKnownFileType = text.xml; path = "Info-CURLHandle.plist"; sourceTree = "<group>"; };
		937C48380AD9220F00A104BB /* CURLHandle.framework */ = {isa = PBXFileReference; explicitFileType = wrapper.framework; includeInIndex = 0; path = CURLHandle.framework; sourceTree = BUILT_PRODUCTS_DIR; };
		9394B92B0AD9419A0066CD67 /* libcurl.dylib */ = {isa = PBXFileReference; lastKnownFileType = "compiled.mach-o.dylib"; name = libcurl.dylib; path = /usr/lib/libcurl.dylib; sourceTree = "<absolute>"; };
		9394B9640AD946570066CD67 /* cacert.pem */ = {isa = PBXFileReference; fileEncoding = 4; lastKnownFileType = text; path = cacert.pem; sourceTree = "<group>"; };
		F54C717B0237234E01A8000B /* CURLHandle.h */ = {isa = PBXFileReference; fileEncoding = 30; lastKnownFileType = sourcecode.c.h; path = CURLHandle.h; sourceTree = "<group>"; };
		F54C717C0237234E01A8000B /* CURLHandle.m */ = {isa = PBXFileReference; fileEncoding = 30; lastKnownFileType = sourcecode.c.objc; path = CURLHandle.m; sourceTree = "<group>"; };
		F54C717D0237234E01A8000B /* CURLHandle+extras.h */ = {isa = PBXFileReference; fileEncoding = 30; lastKnownFileType = sourcecode.c.h; path = "CURLHandle+extras.h"; sourceTree = "<group>"; };
		F54C717E0237234E01A8000B /* CURLHandle+extras.m */ = {isa = PBXFileReference; fileEncoding = 30; lastKnownFileType = sourcecode.c.objc; path = "CURLHandle+extras.m"; sourceTree = "<group>"; };
		F64D8475030830E401A80102 /* libcrypto.dylib */ = {isa = PBXFileReference; lastKnownFileType = "compiled.mach-o.dylib"; name = libcrypto.dylib; path = /usr/lib/libcrypto.dylib; sourceTree = "<absolute>"; };
		F64D8477030830FA01A80102 /* libssl.dylib */ = {isa = PBXFileReference; lastKnownFileType = "compiled.mach-o.dylib"; name = libssl.dylib; path = /usr/lib/libssl.dylib; sourceTree = "<absolute>"; };
		F678076802C3B7D701A80181 /* SystemConfiguration.framework */ = {isa = PBXFileReference; lastKnownFileType = wrapper.framework; name = SystemConfiguration.framework; path = /System/Library/Frameworks/SystemConfiguration.framework; sourceTree = "<absolute>"; };
		F6FDDA56038C338601A80133 /* libc.dylib */ = {isa = PBXFileReference; lastKnownFileType = "compiled.mach-o.dylib"; name = libc.dylib; path = /usr/lib/libc.dylib; sourceTree = "<absolute>"; };
		F6FDDA58038C339801A80133 /* libz.dylib */ = {isa = PBXFileReference; lastKnownFileType = "compiled.mach-o.dylib"; name = libz.dylib; path = /usr/lib/libz.dylib; sourceTree = "<absolute>"; };
/* End PBXFileReference section */

/* Begin PBXFrameworksBuildPhase section */
		937C482C0AD9220F00A104BB /* Frameworks */ = {
			isa = PBXFrameworksBuildPhase;
			buildActionMask = 2147483647;
			files = (
				937C482D0AD9220F00A104BB /* Cocoa.framework in Frameworks */,
				937C482E0AD9220F00A104BB /* SystemConfiguration.framework in Frameworks */,
				937C482F0AD9220F00A104BB /* libcrypto.dylib in Frameworks */,
				937C48300AD9220F00A104BB /* libssl.dylib in Frameworks */,
				937C48310AD9220F00A104BB /* libc.dylib in Frameworks */,
				937C48320AD9220F00A104BB /* libz.dylib in Frameworks */,
				9394B92C0AD9419A0066CD67 /* libcurl.dylib in Frameworks */,
			);
			runOnlyForDeploymentPostprocessing = 0;
		};
/* End PBXFrameworksBuildPhase section */

/* Begin PBXGroup section */
		034768DFFF38A50411DB9C8B /* Products */ = {
			isa = PBXGroup;
			children = (
				937C48380AD9220F00A104BB /* CURLHandle.framework */,
			);
			name = Products;
			sourceTree = "<group>";
		};
		0867D691FE84028FC02AAC07 /* CURLHandle */ = {
			isa = PBXGroup;
			children = (
				F54C717B0237234E01A8000B /* CURLHandle.h */,
				F54C717C0237234E01A8000B /* CURLHandle.m */,
				F54C717D0237234E01A8000B /* CURLHandle+extras.h */,
				F54C717E0237234E01A8000B /* CURLHandle+extras.m */,
				9394B98F0AD9DEBA0066CD67 /* Resources */,
				0867D69AFE84028FC02AAC07 /* External Frameworks and Libraries */,
				034768DFFF38A50411DB9C8B /* Products */,
				937C48370AD9220F00A104BB /* Info-CURLHandle.plist */,
			);
			name = CURLHandle;
			sourceTree = "<group>";
		};
		0867D69AFE84028FC02AAC07 /* External Frameworks and Libraries */ = {
			isa = PBXGroup;
			children = (
				1058C7B0FEA5585E11CA2CBB /* Linked Frameworks */,
				1058C7B2FEA5585E11CA2CBB /* Other Frameworks */,
			);
			name = "External Frameworks and Libraries";
			sourceTree = "<group>";
		};
		1058C7B0FEA5585E11CA2CBB /* Linked Frameworks */ = {
			isa = PBXGroup;
			children = (
				9394B92B0AD9419A0066CD67 /* libcurl.dylib */,
				1058C7B1FEA5585E11CA2CBB /* Cocoa.framework */,
				F678076802C3B7D701A80181 /* SystemConfiguration.framework */,
				F64D8475030830E401A80102 /* libcrypto.dylib */,
				F64D8477030830FA01A80102 /* libssl.dylib */,
				F6FDDA56038C338601A80133 /* libc.dylib */,
				F6FDDA58038C339801A80133 /* libz.dylib */,
			);
			name = "Linked Frameworks";
			sourceTree = "<group>";
		};
		1058C7B2FEA5585E11CA2CBB /* Other Frameworks */ = {
			isa = PBXGroup;
			children = (
				0867D69BFE84028FC02AAC07 /* Foundation.framework */,
				0867D6A5FE840307C02AAC07 /* AppKit.framework */,
			);
			name = "Other Frameworks";
			sourceTree = "<group>";
		};
		9394B98F0AD9DEBA0066CD67 /* Resources */ = {
			isa = PBXGroup;
			children = (
				9394B9640AD946570066CD67 /* cacert.pem */,
			);
			name = Resources;
			sourceTree = "<group>";
		};
/* End PBXGroup section */

/* Begin PBXHeadersBuildPhase section */
		937C48260AD9220F00A104BB /* Headers */ = {
			isa = PBXHeadersBuildPhase;
			buildActionMask = 2147483647;
			files = (
				937C48270AD9220F00A104BB /* CURLHandle.h in Headers */,
				937C48280AD9220F00A104BB /* CURLHandle+extras.h in Headers */,
			);
			runOnlyForDeploymentPostprocessing = 0;
		};
/* End PBXHeadersBuildPhase section */

/* Begin PBXNativeTarget section */
		937C48240AD9220F00A104BB /* CURLHandle */ = {
			isa = PBXNativeTarget;
			buildConfigurationList = 937C48330AD9220F00A104BB /* Build configuration list for PBXNativeTarget "CURLHandle" */;
			buildPhases = (
				9394B9650AD946640066CD67 /* Resources */,
				937C48250AD9220F00A104BB /* ShellScript */,
				937C48260AD9220F00A104BB /* Headers */,
				937C48290AD9220F00A104BB /* Sources */,
				937C482C0AD9220F00A104BB /* Frameworks */,
			);
			buildRules = (
			);
			dependencies = (
			);
			name = CURLHandle;
			productInstallPath = "@executable_path/../Frameworks";
			productName = CURLHandle;
			productReference = 937C48380AD9220F00A104BB /* CURLHandle.framework */;
			productType = "com.apple.product-type.framework";
		};
/* End PBXNativeTarget section */

/* Begin PBXProject section */
		0867D690FE84028FC02AAC07 /* Project object */ = {
			isa = PBXProject;
			buildConfigurationList = 937C481C0AD921A600A104BB /* Build configuration list for PBXProject "CURLHandle" */;
			hasScannedForEncodings = 0;
			mainGroup = 0867D691FE84028FC02AAC07 /* CURLHandle */;
			productRefGroup = 034768DFFF38A50411DB9C8B /* Products */;
			projectDirPath = "";
			targets = (
				937C48240AD9220F00A104BB /* CURLHandle */,
			);
		};
/* End PBXProject section */

/* Begin PBXResourcesBuildPhase section */
		9394B9650AD946640066CD67 /* Resources */ = {
			isa = PBXResourcesBuildPhase;
			buildActionMask = 2147483647;
			files = (
				9394B9690AD9466A0066CD67 /* cacert.pem in Resources */,
			);
			runOnlyForDeploymentPostprocessing = 0;
		};
/* End PBXResourcesBuildPhase section */

/* Begin PBXShellScriptBuildPhase section */
		937C48250AD9220F00A104BB /* ShellScript */ = {
			isa = PBXShellScriptBuildPhase;
			buildActionMask = 2147483647;
			files = (
			);
			runOnlyForDeploymentPostprocessing = 0;
			shellPath = /bin/sh;
			shellScript = "# Sequence courtesy of Kevin Enderby.  Changes common symbol into a definition.\n# The result is in /tmp/curl and you could move it back into /usr/local/lib; we\n# just leave it here and statically link to it. \n#mkdir /tmp/curl\n#cd /tmp/curl\n#ar x /sw/lib/libcurl.a\n#ld -r -d hostip.o\n#mv a.out hostip.o\n#libtool -o libcurl.a *.o";
		};
/* End PBXShellScriptBuildPhase section */

/* Begin PBXSourcesBuildPhase section */
		937C48290AD9220F00A104BB /* Sources */ = {
			isa = PBXSourcesBuildPhase;
			buildActionMask = 2147483647;
			files = (
				937C482A0AD9220F00A104BB /* CURLHandle.m in Sources */,
				937C482B0AD9220F00A104BB /* CURLHandle+extras.m in Sources */,
			);
			runOnlyForDeploymentPostprocessing = 0;
		};
/* End PBXSourcesBuildPhase section */

/* Begin XCBuildConfiguration section */
		937C481D0AD921A600A104BB /* Development */ = {
			isa = XCBuildConfiguration;
			buildSettings = {
			};
			name = Development;
		};
		937C481E0AD921A600A104BB /* Deployment */ = {
			isa = XCBuildConfiguration;
			buildSettings = {
			};
			name = Deployment;
		};
		937C481F0AD921A600A104BB /* Default */ = {
			isa = XCBuildConfiguration;
			buildSettings = {
			};
			name = Default;
		};
		937C48340AD9220F00A104BB /* Development */ = {
			isa = XCBuildConfiguration;
			buildSettings = {
				COPY_PHASE_STRIP = NO;
				DYLIB_COMPATIBILITY_VERSION = 1;
				DYLIB_CURRENT_VERSION = 1;
				FRAMEWORK_SEARCH_PATHS = "";
				FRAMEWORK_VERSION = A;
				GCC_DYNAMIC_NO_PIC = NO;
				GCC_ENABLE_FIX_AND_CONTINUE = YES;
				GCC_GENERATE_DEBUGGING_SYMBOLS = YES;
				GCC_OPTIMIZATION_LEVEL = 0;
				GCC_SYMBOLS_PRIVATE_EXTERN = NO;
				HEADER_SEARCH_PATHS = "";
				INFOPLIST_FILE = "Info-CURLHandle.plist";
				INSTALL_PATH = "@executable_path/../Frameworks";
				LIBRARY_SEARCH_PATHS = "";
				OTHER_CFLAGS = "";
				OTHER_LDFLAGS = (
					/tmp/curl/libcurl.a,
					"-seg1addr",
					0x3c000000,
				);
				PREBINDING = NO;
				PRODUCT_NAME = CURLHandle;
				SECTORDER_FLAGS = "";
				SKIP_INSTALL = YES;
				WARNING_CFLAGS = (
					"-Wmost",
					"-Wno-four-char-constants",
					"-Wno-unknown-pragmas",
				);
				WRAPPER_EXTENSION = framework;
				ZERO_LINK = YES;
			};
			name = Development;
		};
		937C48350AD9220F00A104BB /* Deployment */ = {
			isa = XCBuildConfiguration;
			buildSettings = {
				COPY_PHASE_STRIP = YES;
				DYLIB_COMPATIBILITY_VERSION = 1;
				DYLIB_CURRENT_VERSION = 1;
				FRAMEWORK_SEARCH_PATHS = "";
				FRAMEWORK_VERSION = A;
				GCC_ENABLE_FIX_AND_CONTINUE = NO;
				GCC_SYMBOLS_PRIVATE_EXTERN = NO;
				HEADER_SEARCH_PATHS = "";
				INFOPLIST_FILE = "Info-CURLHandle.plist";
				INSTALL_PATH = "@executable_path/../Frameworks";
				LIBRARY_SEARCH_PATHS = "";
				OTHER_CFLAGS = "";
				OTHER_LDFLAGS = (
					/tmp/curl/libcurl.a,
					"-seg1addr",
					0x3c000000,
				);
				PREBINDING = NO;
				PRODUCT_NAME = CURLHandle;
				SECTORDER_FLAGS = "";
				SKIP_INSTALL = YES;
				WARNING_CFLAGS = (
					"-Wmost",
					"-Wno-four-char-constants",
					"-Wno-unknown-pragmas",
				);
				WRAPPER_EXTENSION = framework;
				ZERO_LINK = NO;
			};
			name = Deployment;
		};
		937C48360AD9220F00A104BB /* Default */ = {
			isa = XCBuildConfiguration;
			buildSettings = {
				DYLIB_COMPATIBILITY_VERSION = 1;
				DYLIB_CURRENT_VERSION = 1;
				FRAMEWORK_SEARCH_PATHS = "";
				FRAMEWORK_VERSION = A;
				GCC_SYMBOLS_PRIVATE_EXTERN = NO;
				HEADER_SEARCH_PATHS = "";
				INFOPLIST_FILE = "Info-CURLHandle.plist";
				INSTALL_PATH = "@executable_path/../Frameworks";
				LIBRARY_SEARCH_PATHS = "";
				OTHER_CFLAGS = "";
				OTHER_LDFLAGS = (
					/tmp/curl/libcurl.a,
					"-seg1addr",
					0x3c000000,
				);
				PREBINDING = NO;
				PRODUCT_NAME = CURLHandle;
				SECTORDER_FLAGS = "";
				SKIP_INSTALL = YES;
				WARNING_CFLAGS = (
					"-Wmost",
					"-Wno-four-char-constants",
					"-Wno-unknown-pragmas",
				);
				WRAPPER_EXTENSION = framework;
			};
			name = Default;
		};
/* End XCBuildConfiguration section */

/* Begin XCConfigurationList section */
		937C481C0AD921A600A104BB /* Build configuration list for PBXProject "CURLHandle" */ = {
			isa = XCConfigurationList;
			buildConfigurations = (
				937C481D0AD921A600A104BB /* Development */,
				937C481E0AD921A600A104BB /* Deployment */,
				937C481F0AD921A600A104BB /* Default */,
			);
			defaultConfigurationIsVisible = 0;
			defaultConfigurationName = Default;
		};
		937C48330AD9220F00A104BB /* Build configuration list for PBXNativeTarget "CURLHandle" */ = {
			isa = XCConfigurationList;
			buildConfigurations = (
				937C48340AD9220F00A104BB /* Development */,
				937C48350AD9220F00A104BB /* Deployment */,
				937C48360AD9220F00A104BB /* Default */,
			);
			defaultConfigurationIsVisible = 0;
			defaultConfigurationName = Default;
		};
/* End XCConfigurationList section */
	};
	rootObject = 0867D690FE84028FC02AAC07 /* Project object */;
}
