// !$*UTF8*$!
{
	archiveVersion = 1;
	classes = {
	};
	objectVersion = 46;
	objects = {

/* Begin PBXBuildFile section */
		930961BB0C66A164002B8DAA /* libcrypto.dylib in Frameworks */ = {isa = PBXBuildFile; fileRef = 930961BA0C66A164002B8DAA /* libcrypto.dylib */; };
		930DE5F30B4831D2008120ED /* Security.framework in Frameworks */ = {isa = PBXBuildFile; fileRef = 930DE5BE0B4831D2008120ED /* Security.framework */; };
		9353D6060F62CA7D008EA255 /* iPhoto.6.classdump in Resources */ = {isa = PBXBuildFile; fileRef = 9353D6030F62CA7D008EA255 /* iPhoto.6.classdump */; };
		9353D6070F62CA7D008EA255 /* iPhoto.7.classdump in Resources */ = {isa = PBXBuildFile; fileRef = 9353D6040F62CA7D008EA255 /* iPhoto.7.classdump */; };
		9353D6080F62CA7D008EA255 /* iPhoto.8.classdump in Resources */ = {isa = PBXBuildFile; fileRef = 9353D6050F62CA7D008EA255 /* iPhoto.8.classdump */; };
		9367FD4A0EE3597C004110B1 /* WebKit.framework in Frameworks */ = {isa = PBXBuildFile; fileRef = 9367FD490EE3597C004110B1 /* WebKit.framework */; };
		93BD6F2F0AD84AAC007CE525 /* Cocoa.framework in Frameworks */ = {isa = PBXBuildFile; fileRef = 1058C7ADFEA557BF11CA2CBB /* Cocoa.framework */; };
		93C5F3FA181C35FB00B10B88 /* CHANGELOG.md in Resources */ = {isa = PBXBuildFile; fileRef = 93C5F3F6181C35FB00B10B88 /* CHANGELOG.md */; };
		93C5F3FB181C35FB00B10B88 /* JSONKit.m in Sources */ = {isa = PBXBuildFile; fileRef = 93C5F3F8181C35FB00B10B88 /* JSONKit.m */; };
		93C5F3FC181C35FB00B10B88 /* README.md in Resources */ = {isa = PBXBuildFile; fileRef = 93C5F3F9181C35FB00B10B88 /* README.md */; };
		93DBD7F20F5E1BB000E1265C /* SMEAccountInfo.m in Sources */ = {isa = PBXBuildFile; fileRef = 93DBD7D10F5E1BB000E1265C /* SMEAccountInfo.m */; };
		93DBD7F30F5E1BB000E1265C /* SMEAlbum.m in Sources */ = {isa = PBXBuildFile; fileRef = 93DBD7D30F5E1BB000E1265C /* SMEAlbum.m */; };
		93DBD7F40F5E1BB000E1265C /* SMEAlbumRef.m in Sources */ = {isa = PBXBuildFile; fileRef = 93DBD7D50F5E1BB000E1265C /* SMEAlbumRef.m */; };
		93DBD7F50F5E1BB000E1265C /* SMECategory.m in Sources */ = {isa = PBXBuildFile; fileRef = 93DBD7D70F5E1BB000E1265C /* SMECategory.m */; };
		93DBD7F60F5E1BB000E1265C /* SMEConciseAlbum.m in Sources */ = {isa = PBXBuildFile; fileRef = 93DBD7D90F5E1BB000E1265C /* SMEConciseAlbum.m */; };
		93DBD7F70F5E1BB000E1265C /* SMEData.m in Sources */ = {isa = PBXBuildFile; fileRef = 93DBD7DB0F5E1BB000E1265C /* SMEData.m */; };
		93DBD7F80F5E1BB000E1265C /* SMEImage.m in Sources */ = {isa = PBXBuildFile; fileRef = 93DBD7DE0F5E1BB000E1265C /* SMEImage.m */; };
		93DBD7F90F5E1BB000E1265C /* SMEImageRef.m in Sources */ = {isa = PBXBuildFile; fileRef = 93DBD7E00F5E1BB000E1265C /* SMEImageRef.m */; };
		93DBD7FA0F5E1BB000E1265C /* SMEImageURLs.m in Sources */ = {isa = PBXBuildFile; fileRef = 93DBD7E20F5E1BB000E1265C /* SMEImageURLs.m */; };
		93DBD7FB0F5E1BB000E1265C /* SMEJSONDecoder.m in Sources */ = {isa = PBXBuildFile; fileRef = 93DBD7E40F5E1BB000E1265C /* SMEJSONDecoder.m */; };
		93DBD7FC0F5E1BB000E1265C /* SMEMethodRequest.m in Sources */ = {isa = PBXBuildFile; fileRef = 93DBD7E60F5E1BB000E1265C /* SMEMethodRequest.m */; };
		93DBD7FD0F5E1BB000E1265C /* SMEResponse.m in Sources */ = {isa = PBXBuildFile; fileRef = 93DBD7E90F5E1BB000E1265C /* SMEResponse.m */; };
		93DBD7FE0F5E1BB000E1265C /* SMESession.m in Sources */ = {isa = PBXBuildFile; fileRef = 93DBD7EB0F5E1BB000E1265C /* SMESession.m */; };
		93DBD7FF0F5E1BB000E1265C /* SMESubCategory.m in Sources */ = {isa = PBXBuildFile; fileRef = 93DBD7EE0F5E1BB000E1265C /* SMESubCategory.m */; };
		93DBD8000F5E1BB000E1265C /* SMEUploadRequest.m in Sources */ = {isa = PBXBuildFile; fileRef = 93DBD7F10F5E1BB000E1265C /* SMEUploadRequest.m */; };
		93DBD8140F5E1BFA00E1265C /* SMEAccountManager.m in Sources */ = {isa = PBXBuildFile; fileRef = 93DBD8020F5E1BFA00E1265C /* SMEAccountManager.m */; };
		93DBD8150F5E1BFA00E1265C /* SMEAlbumEditController.m in Sources */ = {isa = PBXBuildFile; fileRef = 93DBD8040F5E1BFA00E1265C /* SMEAlbumEditController.m */; };
		93DBD8160F5E1BFA00E1265C /* SMEBitmapImageRepAdditions.m in Sources */ = {isa = PBXBuildFile; fileRef = 93DBD8060F5E1BFA00E1265C /* SMEBitmapImageRepAdditions.m */; };
		93DBD8170F5E1BFA00E1265C /* SMEExportBox.m in Sources */ = {isa = PBXBuildFile; fileRef = 93DBD8080F5E1BFA00E1265C /* SMEExportBox.m */; };
		93DBD8180F5E1BFA00E1265C /* SMEExportPlugin.m in Sources */ = {isa = PBXBuildFile; fileRef = 93DBD80A0F5E1BFA00E1265C /* SMEExportPlugin.m */; };
		93DBD81A0F5E1BFA00E1265C /* SMETableView.m in Sources */ = {isa = PBXBuildFile; fileRef = 93DBD80F0F5E1BFA00E1265C /* SMETableView.m */; };
		93DBD81B0F5E1BFA00E1265C /* SMEUserDefaults.m in Sources */ = {isa = PBXBuildFile; fileRef = 93DBD8110F5E1BFA00E1265C /* SMEUserDefaults.m */; };
		93DBD81C0F5E1BFA00E1265C /* SMEUserDefaultsAdditions.m in Sources */ = {isa = PBXBuildFile; fileRef = 93DBD8130F5E1BFA00E1265C /* SMEUserDefaultsAdditions.m */; };
		93DBD8300F5E1C6700E1265C /* SmugMugExport.nib in Resources */ = {isa = PBXBuildFile; fileRef = 93DBD82D0F5E1C6700E1265C /* SmugMugExport.nib */; };
		93DBD8310F5E1C6700E1265C /* AlbumEdit.nib in Resources */ = {isa = PBXBuildFile; fileRef = 93DBD82E0F5E1C6700E1265C /* AlbumEdit.nib */; };
		93EFC25B0F5F6D5500BAB971 /* SMEKeychainManager.m in Sources */ = {isa = PBXBuildFile; fileRef = 93EFC25A0F5F6D5500BAB971 /* SMEKeychainManager.m */; };
		93EFC25E0F5F6D5F00BAB971 /* SMEDataAdditions.m in Sources */ = {isa = PBXBuildFile; fileRef = 93EFC25C0F5F6D5F00BAB971 /* SMEDataAdditions.m */; };
		E1DF1436157A8F0F002F9A9E /* SMEAlbumTemplate.m in Sources */ = {isa = PBXBuildFile; fileRef = E1DF1435157A8F0F002F9A9E /* SMEAlbumTemplate.m */; };
/* End PBXBuildFile section */

/* Begin PBXCopyFilesBuildPhase section */
		93CE107A0D54F53E00C96591 /* Copy Frameworks */ = {
			isa = PBXCopyFilesBuildPhase;
			buildActionMask = 2147483647;
			dstPath = "";
			dstSubfolderSpec = 10;
			files = (
			);
			name = "Copy Frameworks";
			runOnlyForDeploymentPostprocessing = 0;
		};
/* End PBXCopyFilesBuildPhase section */

/* Begin PBXFileReference section */
		089C1672FE841209C02AAC07 /* Foundation.framework */ = {isa = PBXFileReference; lastKnownFileType = wrapper.framework; name = Foundation.framework; path = /System/Library/Frameworks/Foundation.framework; sourceTree = "<absolute>"; };
		089C167FFE841241C02AAC07 /* AppKit.framework */ = {isa = PBXFileReference; lastKnownFileType = wrapper.framework; name = AppKit.framework; path = /System/Library/Frameworks/AppKit.framework; sourceTree = "<absolute>"; };
		1058C7ADFEA557BF11CA2CBB /* Cocoa.framework */ = {isa = PBXFileReference; lastKnownFileType = wrapper.framework; name = Cocoa.framework; path = /System/Library/Frameworks/Cocoa.framework; sourceTree = "<absolute>"; };
		930961BA0C66A164002B8DAA /* libcrypto.dylib */ = {isa = PBXFileReference; lastKnownFileType = "compiled.mach-o.dylib"; name = libcrypto.dylib; path = /usr/lib/libcrypto.dylib; sourceTree = "<absolute>"; };
		930DE5BE0B4831D2008120ED /* Security.framework */ = {isa = PBXFileReference; lastKnownFileType = wrapper.framework; name = Security.framework; path = /System/Library/Frameworks/Security.framework; sourceTree = "<absolute>"; };
		93188D970DE9D5C600DBC3FC /* SenTestingKit.framework */ = {isa = PBXFileReference; lastKnownFileType = wrapper.framework; name = SenTestingKit.framework; path = Library/Frameworks/SenTestingKit.framework; sourceTree = DEVELOPER_DIR; };
		9353D6030F62CA7D008EA255 /* iPhoto.6.classdump */ = {isa = PBXFileReference; fileEncoding = 4; lastKnownFileType = text; path = iPhoto.6.classdump; sourceTree = "<group>"; };
		9353D6040F62CA7D008EA255 /* iPhoto.7.classdump */ = {isa = PBXFileReference; fileEncoding = 4; lastKnownFileType = text; path = iPhoto.7.classdump; sourceTree = "<group>"; };
		9353D6050F62CA7D008EA255 /* iPhoto.8.classdump */ = {isa = PBXFileReference; fileEncoding = 4; lastKnownFileType = text; path = iPhoto.8.classdump; sourceTree = "<group>"; };
		935BC2880F646B5F00B0B180 /* LocationCommon.h */ = {isa = PBXFileReference; fileEncoding = 4; lastKnownFileType = sourcecode.c.h; name = LocationCommon.h; path = SmugMugExport/Source/LocationCommon.h; sourceTree = "<group>"; };
		935BC28B0F646BC200B0B180 /* iPhotoCommon.h */ = {isa = PBXFileReference; fileEncoding = 4; lastKnownFileType = sourcecode.c.h; name = iPhotoCommon.h; path = SmugMugExport/Source/iPhotoCommon.h; sourceTree = "<group>"; };
		9367FD490EE3597C004110B1 /* WebKit.framework */ = {isa = PBXFileReference; lastKnownFileType = wrapper.framework; name = WebKit.framework; path = /System/Library/Frameworks/WebKit.framework; sourceTree = "<absolute>"; };
		93BD6F170AD84A49007CE525 /* SmugMugExport.iPhotoExporter */ = {isa = PBXFileReference; explicitFileType = wrapper.cfbundle; includeInIndex = 0; path = SmugMugExport.iPhotoExporter; sourceTree = BUILT_PRODUCTS_DIR; };
		93C5F3F6181C35FB00B10B88 /* CHANGELOG.md */ = {isa = PBXFileReference; fileEncoding = 4; lastKnownFileType = text; path = CHANGELOG.md; sourceTree = "<group>"; };
		93C5F3F7181C35FB00B10B88 /* JSONKit.h */ = {isa = PBXFileReference; fileEncoding = 4; lastKnownFileType = sourcecode.c.h; path = JSONKit.h; sourceTree = "<group>"; };
		93C5F3F8181C35FB00B10B88 /* JSONKit.m */ = {isa = PBXFileReference; fileEncoding = 4; lastKnownFileType = sourcecode.c.objc; path = JSONKit.m; sourceTree = "<group>"; };
		93C5F3F9181C35FB00B10B88 /* README.md */ = {isa = PBXFileReference; fileEncoding = 4; lastKnownFileType = text; path = README.md; sourceTree = "<group>"; };
		93DBD7D00F5E1BB000E1265C /* SMEAccountInfo.h */ = {isa = PBXFileReference; fileEncoding = 4; lastKnownFileType = sourcecode.c.h; name = SMEAccountInfo.h; path = SmugMugCore/SMEAccountInfo.h; sourceTree = "<group>"; };
		93DBD7D10F5E1BB000E1265C /* SMEAccountInfo.m */ = {isa = PBXFileReference; fileEncoding = 4; lastKnownFileType = sourcecode.c.objc; name = SMEAccountInfo.m; path = SmugMugCore/SMEAccountInfo.m; sourceTree = "<group>"; };
		93DBD7D20F5E1BB000E1265C /* SMEAlbum.h */ = {isa = PBXFileReference; fileEncoding = 4; lastKnownFileType = sourcecode.c.h; name = SMEAlbum.h; path = SmugMugCore/SMEAlbum.h; sourceTree = "<group>"; };
		93DBD7D30F5E1BB000E1265C /* SMEAlbum.m */ = {isa = PBXFileReference; fileEncoding = 4; lastKnownFileType = sourcecode.c.objc; name = SMEAlbum.m; path = SmugMugCore/SMEAlbum.m; sourceTree = "<group>"; };
		93DBD7D40F5E1BB000E1265C /* SMEAlbumRef.h */ = {isa = PBXFileReference; fileEncoding = 4; lastKnownFileType = sourcecode.c.h; name = SMEAlbumRef.h; path = SmugMugCore/SMEAlbumRef.h; sourceTree = "<group>"; };
		93DBD7D50F5E1BB000E1265C /* SMEAlbumRef.m */ = {isa = PBXFileReference; fileEncoding = 4; lastKnownFileType = sourcecode.c.objc; name = SMEAlbumRef.m; path = SmugMugCore/SMEAlbumRef.m; sourceTree = "<group>"; };
		93DBD7D60F5E1BB000E1265C /* SMECategory.h */ = {isa = PBXFileReference; fileEncoding = 4; lastKnownFileType = sourcecode.c.h; name = SMECategory.h; path = SmugMugCore/SMECategory.h; sourceTree = "<group>"; };
		93DBD7D70F5E1BB000E1265C /* SMECategory.m */ = {isa = PBXFileReference; fileEncoding = 4; lastKnownFileType = sourcecode.c.objc; name = SMECategory.m; path = SmugMugCore/SMECategory.m; sourceTree = "<group>"; };
		93DBD7D80F5E1BB000E1265C /* SMEConciseAlbum.h */ = {isa = PBXFileReference; fileEncoding = 4; lastKnownFileType = sourcecode.c.h; name = SMEConciseAlbum.h; path = SmugMugCore/SMEConciseAlbum.h; sourceTree = "<group>"; };
		93DBD7D90F5E1BB000E1265C /* SMEConciseAlbum.m */ = {isa = PBXFileReference; fileEncoding = 4; lastKnownFileType = sourcecode.c.objc; name = SMEConciseAlbum.m; path = SmugMugCore/SMEConciseAlbum.m; sourceTree = "<group>"; };
		93DBD7DA0F5E1BB000E1265C /* SMEData.h */ = {isa = PBXFileReference; fileEncoding = 4; lastKnownFileType = sourcecode.c.h; name = SMEData.h; path = SmugMugCore/SMEData.h; sourceTree = "<group>"; };
		93DBD7DB0F5E1BB000E1265C /* SMEData.m */ = {isa = PBXFileReference; fileEncoding = 4; lastKnownFileType = sourcecode.c.objc; name = SMEData.m; path = SmugMugCore/SMEData.m; sourceTree = "<group>"; };
		93DBD7DC0F5E1BB000E1265C /* SMEDecoder.h */ = {isa = PBXFileReference; fileEncoding = 4; lastKnownFileType = sourcecode.c.h; name = SMEDecoder.h; path = SmugMugCore/SMEDecoder.h; sourceTree = "<group>"; };
		93DBD7DD0F5E1BB000E1265C /* SMEImage.h */ = {isa = PBXFileReference; fileEncoding = 4; lastKnownFileType = sourcecode.c.h; name = SMEImage.h; path = SmugMugCore/SMEImage.h; sourceTree = "<group>"; };
		93DBD7DE0F5E1BB000E1265C /* SMEImage.m */ = {isa = PBXFileReference; fileEncoding = 4; lastKnownFileType = sourcecode.c.objc; name = SMEImage.m; path = SmugMugCore/SMEImage.m; sourceTree = "<group>"; };
		93DBD7DF0F5E1BB000E1265C /* SMEImageRef.h */ = {isa = PBXFileReference; fileEncoding = 4; lastKnownFileType = sourcecode.c.h; name = SMEImageRef.h; path = SmugMugCore/SMEImageRef.h; sourceTree = "<group>"; };
		93DBD7E00F5E1BB000E1265C /* SMEImageRef.m */ = {isa = PBXFileReference; fileEncoding = 4; lastKnownFileType = sourcecode.c.objc; name = SMEImageRef.m; path = SmugMugCore/SMEImageRef.m; sourceTree = "<group>"; };
		93DBD7E10F5E1BB000E1265C /* SMEImageURLs.h */ = {isa = PBXFileReference; fileEncoding = 4; lastKnownFileType = sourcecode.c.h; name = SMEImageURLs.h; path = SmugMugCore/SMEImageURLs.h; sourceTree = "<group>"; };
		93DBD7E20F5E1BB000E1265C /* SMEImageURLs.m */ = {isa = PBXFileReference; fileEncoding = 4; lastKnownFileType = sourcecode.c.objc; name = SMEImageURLs.m; path = SmugMugCore/SMEImageURLs.m; sourceTree = "<group>"; };
		93DBD7E30F5E1BB000E1265C /* SMEJSONDecoder.h */ = {isa = PBXFileReference; fileEncoding = 4; lastKnownFileType = sourcecode.c.h; name = SMEJSONDecoder.h; path = SmugMugCore/SMEJSONDecoder.h; sourceTree = "<group>"; };
		93DBD7E40F5E1BB000E1265C /* SMEJSONDecoder.m */ = {isa = PBXFileReference; fileEncoding = 4; lastKnownFileType = sourcecode.c.objc; name = SMEJSONDecoder.m; path = SmugMugCore/SMEJSONDecoder.m; sourceTree = "<group>"; };
		93DBD7E50F5E1BB000E1265C /* SMEMethodRequest.h */ = {isa = PBXFileReference; fileEncoding = 4; lastKnownFileType = sourcecode.c.h; name = SMEMethodRequest.h; path = SmugMugCore/SMEMethodRequest.h; sourceTree = "<group>"; };
		93DBD7E60F5E1BB000E1265C /* SMEMethodRequest.m */ = {isa = PBXFileReference; fileEncoding = 4; lastKnownFileType = sourcecode.c.objc; name = SMEMethodRequest.m; path = SmugMugCore/SMEMethodRequest.m; sourceTree = "<group>"; };
		93DBD7E70F5E1BB000E1265C /* SMERequest.h */ = {isa = PBXFileReference; fileEncoding = 4; lastKnownFileType = sourcecode.c.h; name = SMERequest.h; path = SmugMugCore/SMERequest.h; sourceTree = "<group>"; };
		93DBD7E80F5E1BB000E1265C /* SMEResponse.h */ = {isa = PBXFileReference; fileEncoding = 4; lastKnownFileType = sourcecode.c.h; name = SMEResponse.h; path = SmugMugCore/SMEResponse.h; sourceTree = "<group>"; };
		93DBD7E90F5E1BB000E1265C /* SMEResponse.m */ = {isa = PBXFileReference; fileEncoding = 4; lastKnownFileType = sourcecode.c.objc; name = SMEResponse.m; path = SmugMugCore/SMEResponse.m; sourceTree = "<group>"; };
		93DBD7EA0F5E1BB000E1265C /* SMESession.h */ = {isa = PBXFileReference; fileEncoding = 4; lastKnownFileType = sourcecode.c.h; name = SMESession.h; path = SmugMugCore/SMESession.h; sourceTree = "<group>"; };
		93DBD7EB0F5E1BB000E1265C /* SMESession.m */ = {isa = PBXFileReference; fileEncoding = 4; lastKnownFileType = sourcecode.c.objc; name = SMESession.m; path = SmugMugCore/SMESession.m; sourceTree = "<group>"; };
		93DBD7EC0F5E1BB000E1265C /* SMESmugMugCore.h */ = {isa = PBXFileReference; fileEncoding = 4; lastKnownFileType = sourcecode.c.h; name = SMESmugMugCore.h; path = SmugMugCore/SMESmugMugCore.h; sourceTree = "<group>"; };
		93DBD7ED0F5E1BB000E1265C /* SMESubCategory.h */ = {isa = PBXFileReference; fileEncoding = 4; lastKnownFileType = sourcecode.c.h; name = SMESubCategory.h; path = SmugMugCore/SMESubCategory.h; sourceTree = "<group>"; };
		93DBD7EE0F5E1BB000E1265C /* SMESubCategory.m */ = {isa = PBXFileReference; fileEncoding = 4; lastKnownFileType = sourcecode.c.objc; name = SMESubCategory.m; path = SmugMugCore/SMESubCategory.m; sourceTree = "<group>"; };
		93DBD7EF0F5E1BB000E1265C /* SMEUploadObserver.h */ = {isa = PBXFileReference; fileEncoding = 4; lastKnownFileType = sourcecode.c.h; name = SMEUploadObserver.h; path = SmugMugCore/SMEUploadObserver.h; sourceTree = "<group>"; };
		93DBD7F00F5E1BB000E1265C /* SMEUploadRequest.h */ = {isa = PBXFileReference; fileEncoding = 4; lastKnownFileType = sourcecode.c.h; name = SMEUploadRequest.h; path = SmugMugCore/SMEUploadRequest.h; sourceTree = "<group>"; };
		93DBD7F10F5E1BB000E1265C /* SMEUploadRequest.m */ = {isa = PBXFileReference; fileEncoding = 4; lastKnownFileType = sourcecode.c.objc; name = SMEUploadRequest.m; path = SmugMugCore/SMEUploadRequest.m; sourceTree = "<group>"; };
		93DBD8010F5E1BFA00E1265C /* SMEAccountManager.h */ = {isa = PBXFileReference; fileEncoding = 4; lastKnownFileType = sourcecode.c.h; name = SMEAccountManager.h; path = SmugMugExport/Source/SMEAccountManager.h; sourceTree = "<group>"; };
		93DBD8020F5E1BFA00E1265C /* SMEAccountManager.m */ = {isa = PBXFileReference; fileEncoding = 4; lastKnownFileType = sourcecode.c.objc; name = SMEAccountManager.m; path = SmugMugExport/Source/SMEAccountManager.m; sourceTree = "<group>"; };
		93DBD8030F5E1BFA00E1265C /* SMEAlbumEditController.h */ = {isa = PBXFileReference; fileEncoding = 4; lastKnownFileType = sourcecode.c.h; name = SMEAlbumEditController.h; path = SmugMugExport/Source/SMEAlbumEditController.h; sourceTree = "<group>"; };
		93DBD8040F5E1BFA00E1265C /* SMEAlbumEditController.m */ = {isa = PBXFileReference; fileEncoding = 4; lastKnownFileType = sourcecode.c.objc; name = SMEAlbumEditController.m; path = SmugMugExport/Source/SMEAlbumEditController.m; sourceTree = "<group>"; };
		93DBD8050F5E1BFA00E1265C /* SMEBitmapImageRepAdditions.h */ = {isa = PBXFileReference; fileEncoding = 4; lastKnownFileType = sourcecode.c.h; name = SMEBitmapImageRepAdditions.h; path = SmugMugExport/Source/SMEBitmapImageRepAdditions.h; sourceTree = "<group>"; };
		93DBD8060F5E1BFA00E1265C /* SMEBitmapImageRepAdditions.m */ = {isa = PBXFileReference; fileEncoding = 4; lastKnownFileType = sourcecode.c.objc; name = SMEBitmapImageRepAdditions.m; path = SmugMugExport/Source/SMEBitmapImageRepAdditions.m; sourceTree = "<group>"; };
		93DBD8070F5E1BFA00E1265C /* SMEExportBox.h */ = {isa = PBXFileReference; fileEncoding = 4; lastKnownFileType = sourcecode.c.h; name = SMEExportBox.h; path = SmugMugExport/Source/SMEExportBox.h; sourceTree = "<group>"; };
		93DBD8080F5E1BFA00E1265C /* SMEExportBox.m */ = {isa = PBXFileReference; fileEncoding = 4; lastKnownFileType = sourcecode.c.objc; name = SMEExportBox.m; path = SmugMugExport/Source/SMEExportBox.m; sourceTree = "<group>"; };
		93DBD8090F5E1BFA00E1265C /* SMEExportPlugin.h */ = {isa = PBXFileReference; fileEncoding = 4; lastKnownFileType = sourcecode.c.h; name = SMEExportPlugin.h; path = SmugMugExport/Source/SMEExportPlugin.h; sourceTree = "<group>"; };
		93DBD80A0F5E1BFA00E1265C /* SMEExportPlugin.m */ = {isa = PBXFileReference; fileEncoding = 4; lastKnownFileType = sourcecode.c.objc; name = SMEExportPlugin.m; path = SmugMugExport/Source/SMEExportPlugin.m; sourceTree = "<group>"; };
		93DBD80B0F5E1BFA00E1265C /* SMEGlobals.h */ = {isa = PBXFileReference; fileEncoding = 4; lastKnownFileType = sourcecode.c.h; name = SMEGlobals.h; path = SmugMugExport/Source/SMEGlobals.h; sourceTree = "<group>"; };
		93DBD80E0F5E1BFA00E1265C /* SMETableView.h */ = {isa = PBXFileReference; fileEncoding = 4; lastKnownFileType = sourcecode.c.h; name = SMETableView.h; path = SmugMugExport/Source/SMETableView.h; sourceTree = "<group>"; };
		93DBD80F0F5E1BFA00E1265C /* SMETableView.m */ = {isa = PBXFileReference; fileEncoding = 4; lastKnownFileType = sourcecode.c.objc; name = SMETableView.m; path = SmugMugExport/Source/SMETableView.m; sourceTree = "<group>"; };
		93DBD8100F5E1BFA00E1265C /* SMEUserDefaults.h */ = {isa = PBXFileReference; fileEncoding = 4; lastKnownFileType = sourcecode.c.h; name = SMEUserDefaults.h; path = SmugMugExport/Source/SMEUserDefaults.h; sourceTree = "<group>"; };
		93DBD8110F5E1BFA00E1265C /* SMEUserDefaults.m */ = {isa = PBXFileReference; fileEncoding = 4; lastKnownFileType = sourcecode.c.objc; name = SMEUserDefaults.m; path = SmugMugExport/Source/SMEUserDefaults.m; sourceTree = "<group>"; };
		93DBD8120F5E1BFA00E1265C /* SMEUserDefaultsAdditions.h */ = {isa = PBXFileReference; fileEncoding = 4; lastKnownFileType = sourcecode.c.h; name = SMEUserDefaultsAdditions.h; path = SmugMugExport/Source/SMEUserDefaultsAdditions.h; sourceTree = "<group>"; };
		93DBD8130F5E1BFA00E1265C /* SMEUserDefaultsAdditions.m */ = {isa = PBXFileReference; fileEncoding = 4; lastKnownFileType = sourcecode.c.objc; name = SMEUserDefaultsAdditions.m; path = SmugMugExport/Source/SMEUserDefaultsAdditions.m; sourceTree = "<group>"; };
		93DBD81F0F5E1C1200E1265C /* SmugmugExport_Prefix.pch */ = {isa = PBXFileReference; fileEncoding = 4; lastKnownFileType = sourcecode.c.h; name = SmugmugExport_Prefix.pch; path = SmugMugExport/Source/SmugmugExport_Prefix.pch; sourceTree = "<group>"; };
		93DBD8280F5E1C5300E1265C /* ExportImageProtocol.h */ = {isa = PBXFileReference; fileEncoding = 4; lastKnownFileType = sourcecode.c.h; name = ExportImageProtocol.h; path = SmugMugExport/Source/ExportImageProtocol.h; sourceTree = "<group>"; };
		93DBD8290F5E1C5300E1265C /* ExportMgr.h */ = {isa = PBXFileReference; fileEncoding = 4; lastKnownFileType = sourcecode.c.h; name = ExportMgr.h; path = SmugMugExport/Source/ExportMgr.h; sourceTree = "<group>"; };
		93DBD82A0F5E1C5300E1265C /* ExportPluginBoxProtocol.h */ = {isa = PBXFileReference; fileEncoding = 4; lastKnownFileType = sourcecode.c.h; name = ExportPluginBoxProtocol.h; path = SmugMugExport/Source/ExportPluginBoxProtocol.h; sourceTree = "<group>"; };
		93DBD82B0F5E1C5300E1265C /* ExportPluginProtocol.h */ = {isa = PBXFileReference; fileEncoding = 4; lastKnownFileType = sourcecode.c.h; name = ExportPluginProtocol.h; path = SmugMugExport/Source/ExportPluginProtocol.h; sourceTree = "<group>"; };
		93DBD82C0F5E1C6700E1265C /* SmugMugExport-Info.plist */ = {isa = PBXFileReference; fileEncoding = 4; lastKnownFileType = text.plist.xml; name = "SmugMugExport-Info.plist"; path = "SmugMugExport/Resources/SmugMugExport-Info.plist"; sourceTree = "<group>"; };
		93DBD82D0F5E1C6700E1265C /* SmugMugExport.nib */ = {isa = PBXFileReference; lastKnownFileType = wrapper.nib; name = SmugMugExport.nib; path = SmugMugExport/Resources/SmugMugExport.nib; sourceTree = "<group>"; };
		93DBD82E0F5E1C6700E1265C /* AlbumEdit.nib */ = {isa = PBXFileReference; lastKnownFileType = wrapper.nib; name = AlbumEdit.nib; path = SmugMugExport/Resources/AlbumEdit.nib; sourceTree = "<group>"; };
		93EFC2590F5F6D5500BAB971 /* SMEKeychainManager.h */ = {isa = PBXFileReference; fileEncoding = 4; lastKnownFileType = sourcecode.c.h; name = SMEKeychainManager.h; path = SmugMugCore/SMEKeychainManager.h; sourceTree = "<group>"; };
		93EFC25A0F5F6D5500BAB971 /* SMEKeychainManager.m */ = {isa = PBXFileReference; fileEncoding = 4; lastKnownFileType = sourcecode.c.objc; name = SMEKeychainManager.m; path = SmugMugCore/SMEKeychainManager.m; sourceTree = "<group>"; };
		93EFC25C0F5F6D5F00BAB971 /* SMEDataAdditions.m */ = {isa = PBXFileReference; fileEncoding = 4; lastKnownFileType = sourcecode.c.objc; name = SMEDataAdditions.m; path = SmugMugCore/SMEDataAdditions.m; sourceTree = "<group>"; };
		93EFC25D0F5F6D5F00BAB971 /* SMEDataAdditions.h */ = {isa = PBXFileReference; fileEncoding = 4; lastKnownFileType = sourcecode.c.h; name = SMEDataAdditions.h; path = SmugMugCore/SMEDataAdditions.h; sourceTree = "<group>"; };
		E1DF1434157A8F0F002F9A9E /* SMEAlbumTemplate.h */ = {isa = PBXFileReference; fileEncoding = 4; lastKnownFileType = sourcecode.c.h; name = SMEAlbumTemplate.h; path = SmugMugCore/SMEAlbumTemplate.h; sourceTree = "<group>"; };
		E1DF1435157A8F0F002F9A9E /* SMEAlbumTemplate.m */ = {isa = PBXFileReference; fileEncoding = 4; lastKnownFileType = sourcecode.c.objc; name = SMEAlbumTemplate.m; path = SmugMugCore/SMEAlbumTemplate.m; sourceTree = "<group>"; };
/* End PBXFileReference section */

/* Begin PBXFrameworksBuildPhase section */
		93BD6F150AD84A49007CE525 /* Frameworks */ = {
			isa = PBXFrameworksBuildPhase;
			buildActionMask = 2147483647;
			files = (
				93BD6F2F0AD84AAC007CE525 /* Cocoa.framework in Frameworks */,
				930DE5F30B4831D2008120ED /* Security.framework in Frameworks */,
				930961BB0C66A164002B8DAA /* libcrypto.dylib in Frameworks */,
				9367FD4A0EE3597C004110B1 /* WebKit.framework in Frameworks */,
			);
			runOnlyForDeploymentPostprocessing = 0;
		};
/* End PBXFrameworksBuildPhase section */

/* Begin PBXGroup section */
		089C166AFE841209C02AAC07 /* smugmugExport */ = {
			isa = PBXGroup;
			children = (
				08FB77AFFE84173DC02AAC07 /* Classes */,
				32C88E010371C26100C91783 /* Other Sources */,
				089C167CFE841241C02AAC07 /* Resources */,
				089C1671FE841209C02AAC07 /* Frameworks and Libraries */,
				19C28FB8FE9D52D311CA2CBB /* Products */,
			);
			name = smugmugExport;
			sourceTree = "<group>";
		};
		089C1671FE841209C02AAC07 /* Frameworks and Libraries */ = {
			isa = PBXGroup;
			children = (
				1058C7ACFEA557BF11CA2CBB /* Linked Frameworks */,
				1058C7AEFEA557BF11CA2CBB /* Other Frameworks */,
			);
			name = "Frameworks and Libraries";
			sourceTree = "<group>";
		};
		089C167CFE841241C02AAC07 /* Resources */ = {
			isa = PBXGroup;
			children = (
				9353D6020F62CA7D008EA255 /* iPhotoApi */,
				93DBD82C0F5E1C6700E1265C /* SmugMugExport-Info.plist */,
				93DBD82D0F5E1C6700E1265C /* SmugMugExport.nib */,
				93DBD82E0F5E1C6700E1265C /* AlbumEdit.nib */,
			);
			name = Resources;
			sourceTree = "<group>";
		};
		08FB77AFFE84173DC02AAC07 /* Classes */ = {
			isa = PBXGroup;
			children = (
				93DBD8010F5E1BFA00E1265C /* SMEAccountManager.h */,
				93DBD8020F5E1BFA00E1265C /* SMEAccountManager.m */,
				93DBD8030F5E1BFA00E1265C /* SMEAlbumEditController.h */,
				93DBD8040F5E1BFA00E1265C /* SMEAlbumEditController.m */,
				93DBD8070F5E1BFA00E1265C /* SMEExportBox.h */,
				93DBD8090F5E1BFA00E1265C /* SMEExportPlugin.h */,
				93DBD80A0F5E1BFA00E1265C /* SMEExportPlugin.m */,
				93DBD8080F5E1BFA00E1265C /* SMEExportBox.m */,
				93DBD8100F5E1BFA00E1265C /* SMEUserDefaults.h */,
				93DBD8110F5E1BFA00E1265C /* SMEUserDefaults.m */,
				93EFC26D0F5FE8AA00BAB971 /* SmugMugCore */,
			);
			name = Classes;
			sourceTree = "<group>";
		};
		1058C7ACFEA557BF11CA2CBB /* Linked Frameworks */ = {
			isa = PBXGroup;
			children = (
				9367FD490EE3597C004110B1 /* WebKit.framework */,
				93188D970DE9D5C600DBC3FC /* SenTestingKit.framework */,
				930DE5BE0B4831D2008120ED /* Security.framework */,
				930961BA0C66A164002B8DAA /* libcrypto.dylib */,
				1058C7ADFEA557BF11CA2CBB /* Cocoa.framework */,
			);
			name = "Linked Frameworks";
			sourceTree = "<group>";
		};
		1058C7AEFEA557BF11CA2CBB /* Other Frameworks */ = {
			isa = PBXGroup;
			children = (
				089C167FFE841241C02AAC07 /* AppKit.framework */,
				089C1672FE841209C02AAC07 /* Foundation.framework */,
			);
			name = "Other Frameworks";
			sourceTree = "<group>";
		};
		19C28FB8FE9D52D311CA2CBB /* Products */ = {
			isa = PBXGroup;
			children = (
				93BD6F170AD84A49007CE525 /* SmugMugExport.iPhotoExporter */,
			);
			name = Products;
			sourceTree = "<group>";
		};
		32C88E010371C26100C91783 /* Other Sources */ = {
			isa = PBXGroup;
			children = (
				93C5F3F5181C35FB00B10B88 /* JSONKit */,
				93DBD80B0F5E1BFA00E1265C /* SMEGlobals.h */,
				93DBD81F0F5E1C1200E1265C /* SmugmugExport_Prefix.pch */,
				933A9E5B0CB7C59F00B7B2A5 /* Misc */,
				9394BC8D0ADDBF390066CD67 /* Categories */,
				930453550AD82E5600B932C9 /* iPhoto Interface */,
			);
			name = "Other Sources";
			sourceTree = "<group>";
		};
		930453550AD82E5600B932C9 /* iPhoto Interface */ = {
			isa = PBXGroup;
			children = (
				93DBD8280F5E1C5300E1265C /* ExportImageProtocol.h */,
				93DBD8290F5E1C5300E1265C /* ExportMgr.h */,
				93DBD82A0F5E1C5300E1265C /* ExportPluginBoxProtocol.h */,
				93DBD82B0F5E1C5300E1265C /* ExportPluginProtocol.h */,
				935BC2880F646B5F00B0B180 /* LocationCommon.h */,
				935BC28B0F646BC200B0B180 /* iPhotoCommon.h */,
			);
			name = "iPhoto Interface";
			sourceTree = "<group>";
		};
		933A9E5B0CB7C59F00B7B2A5 /* Misc */ = {
			isa = PBXGroup;
			children = (
				93EFC2590F5F6D5500BAB971 /* SMEKeychainManager.h */,
				93EFC25A0F5F6D5500BAB971 /* SMEKeychainManager.m */,
				93DBD80E0F5E1BFA00E1265C /* SMETableView.h */,
				93DBD80F0F5E1BFA00E1265C /* SMETableView.m */,
			);
			name = Misc;
			sourceTree = "<group>";
		};
		9353D6020F62CA7D008EA255 /* iPhotoApi */ = {
			isa = PBXGroup;
			children = (
				9353D6030F62CA7D008EA255 /* iPhoto.6.classdump */,
				9353D6040F62CA7D008EA255 /* iPhoto.7.classdump */,
				9353D6050F62CA7D008EA255 /* iPhoto.8.classdump */,
			);
			name = iPhotoApi;
			path = SmugMugExport/Resources/iPhotoApi;
			sourceTree = "<group>";
		};
		9394BC8D0ADDBF390066CD67 /* Categories */ = {
			isa = PBXGroup;
			children = (
				93EFC25C0F5F6D5F00BAB971 /* SMEDataAdditions.m */,
				93EFC25D0F5F6D5F00BAB971 /* SMEDataAdditions.h */,
				93DBD8050F5E1BFA00E1265C /* SMEBitmapImageRepAdditions.h */,
				93DBD8060F5E1BFA00E1265C /* SMEBitmapImageRepAdditions.m */,
				93DBD8120F5E1BFA00E1265C /* SMEUserDefaultsAdditions.h */,
				93DBD8130F5E1BFA00E1265C /* SMEUserDefaultsAdditions.m */,
			);
			name = Categories;
			sourceTree = "<group>";
		};
		93C5F3F5181C35FB00B10B88 /* JSONKit */ = {
			isa = PBXGroup;
			children = (
				93C5F3F6181C35FB00B10B88 /* CHANGELOG.md */,
				93C5F3F7181C35FB00B10B88 /* JSONKit.h */,
				93C5F3F8181C35FB00B10B88 /* JSONKit.m */,
				93C5F3F9181C35FB00B10B88 /* README.md */,
			);
			name = JSONKit;
			path = SmugMugExport/Resources/JSONKit;
			sourceTree = "<group>";
		};
		93EFC26D0F5FE8AA00BAB971 /* SmugMugCore */ = {
			isa = PBXGroup;
			children = (
				93DBD7D00F5E1BB000E1265C /* SMEAccountInfo.h */,
				93DBD7D10F5E1BB000E1265C /* SMEAccountInfo.m */,
				93DBD7D20F5E1BB000E1265C /* SMEAlbum.h */,
				93DBD7D30F5E1BB000E1265C /* SMEAlbum.m */,
				93DBD7D40F5E1BB000E1265C /* SMEAlbumRef.h */,
				93DBD7D50F5E1BB000E1265C /* SMEAlbumRef.m */,
				E1DF1434157A8F0F002F9A9E /* SMEAlbumTemplate.h */,
				E1DF1435157A8F0F002F9A9E /* SMEAlbumTemplate.m */,
				93DBD7D60F5E1BB000E1265C /* SMECategory.h */,
				93DBD7D70F5E1BB000E1265C /* SMECategory.m */,
				93DBD7D80F5E1BB000E1265C /* SMEConciseAlbum.h */,
				93DBD7D90F5E1BB000E1265C /* SMEConciseAlbum.m */,
				93DBD7DA0F5E1BB000E1265C /* SMEData.h */,
				93DBD7DB0F5E1BB000E1265C /* SMEData.m */,
				93DBD7DC0F5E1BB000E1265C /* SMEDecoder.h */,
				93DBD7DD0F5E1BB000E1265C /* SMEImage.h */,
				93DBD7DE0F5E1BB000E1265C /* SMEImage.m */,
				93DBD7DF0F5E1BB000E1265C /* SMEImageRef.h */,
				93DBD7E00F5E1BB000E1265C /* SMEImageRef.m */,
				93DBD7E10F5E1BB000E1265C /* SMEImageURLs.h */,
				93DBD7E20F5E1BB000E1265C /* SMEImageURLs.m */,
				93DBD7E30F5E1BB000E1265C /* SMEJSONDecoder.h */,
				93DBD7E40F5E1BB000E1265C /* SMEJSONDecoder.m */,
				93DBD7E50F5E1BB000E1265C /* SMEMethodRequest.h */,
				93DBD7E60F5E1BB000E1265C /* SMEMethodRequest.m */,
				93DBD7E70F5E1BB000E1265C /* SMERequest.h */,
				93DBD7E80F5E1BB000E1265C /* SMEResponse.h */,
				93DBD7E90F5E1BB000E1265C /* SMEResponse.m */,
				93DBD7EA0F5E1BB000E1265C /* SMESession.h */,
				93DBD7EB0F5E1BB000E1265C /* SMESession.m */,
				93DBD7EC0F5E1BB000E1265C /* SMESmugMugCore.h */,
				93DBD7ED0F5E1BB000E1265C /* SMESubCategory.h */,
				93DBD7EE0F5E1BB000E1265C /* SMESubCategory.m */,
				93DBD7EF0F5E1BB000E1265C /* SMEUploadObserver.h */,
				93DBD7F00F5E1BB000E1265C /* SMEUploadRequest.h */,
				93DBD7F10F5E1BB000E1265C /* SMEUploadRequest.m */,
			);
			name = SmugMugCore;
			sourceTree = "<group>";
		};
/* End PBXGroup section */

/* Begin PBXNativeTarget section */
		93BD6F160AD84A49007CE525 /* SmugMugExport */ = {
			isa = PBXNativeTarget;
			buildConfigurationList = 93BD6F190AD84A49007CE525 /* Build configuration list for PBXNativeTarget "SmugMugExport" */;
			buildPhases = (
				93CE107A0D54F53E00C96591 /* Copy Frameworks */,
				93BD6F130AD84A49007CE525 /* Resources */,
				93BD6F140AD84A49007CE525 /* Sources */,
				93BD6F150AD84A49007CE525 /* Frameworks */,
				932166140B32120800624A8D /* Install */,
			);
			buildRules = (
			);
			dependencies = (
			);
			name = SmugMugExport;
			productName = smugmugExporrt;
			productReference = 93BD6F170AD84A49007CE525 /* SmugMugExport.iPhotoExporter */;
			productType = "com.apple.product-type.bundle";
		};
/* End PBXNativeTarget section */

/* Begin PBXProject section */
		089C1669FE841209C02AAC07 /* Project object */ = {
			isa = PBXProject;
			attributes = {
				LastUpgradeCheck = 0420;
			};
			buildConfigurationList = 1DEB913E08733D840010E9CD /* Build configuration list for PBXProject "SmugMugExport" */;
			compatibilityVersion = "Xcode 3.2";
			developmentRegion = English;
			hasScannedForEncodings = 1;
			knownRegions = (
				English,
				Japanese,
				French,
				German,
			);
			mainGroup = 089C166AFE841209C02AAC07 /* smugmugExport */;
			projectDirPath = "";
			projectRoot = "";
			targets = (
				93BD6F160AD84A49007CE525 /* SmugMugExport */,
			);
		};
/* End PBXProject section */

/* Begin PBXResourcesBuildPhase section */
		93BD6F130AD84A49007CE525 /* Resources */ = {
			isa = PBXResourcesBuildPhase;
			buildActionMask = 2147483647;
			files = (
				93DBD8300F5E1C6700E1265C /* SmugMugExport.nib in Resources */,
				93C5F3FA181C35FB00B10B88 /* CHANGELOG.md in Resources */,
				93DBD8310F5E1C6700E1265C /* AlbumEdit.nib in Resources */,
				93C5F3FC181C35FB00B10B88 /* README.md in Resources */,
				9353D6060F62CA7D008EA255 /* iPhoto.6.classdump in Resources */,
				9353D6070F62CA7D008EA255 /* iPhoto.7.classdump in Resources */,
				9353D6080F62CA7D008EA255 /* iPhoto.8.classdump in Resources */,
			);
			runOnlyForDeploymentPostprocessing = 0;
		};
/* End PBXResourcesBuildPhase section */

/* Begin PBXShellScriptBuildPhase section */
		932166140B32120800624A8D /* Install */ = {
			isa = PBXShellScriptBuildPhase;
			buildActionMask = 12;
			files = (
			);
			inputPaths = (
			);
			name = Install;
			outputPaths = (
			);
			runOnlyForDeploymentPostprocessing = 0;
			shellPath = /bin/sh;
			shellScript = "#!/bin/bash\n\nDST=\"$HOME/Library/Application Support/iPhoto/Plugins\"\nPREV_EXPORTER=\"$DST/SmugMugExport.iPhotoExporter\"\nNEW_EXPORTER=\"$TARGET_BUILD_DIR/SmugMugExport.iPhotoExporter\"\n\nmkdir -p \"$DST\"\nrm -Rf \"$PREV_EXPORTER\" && cp -R \"$NEW_EXPORTER\" \"$DST\"\n";
		};
/* End PBXShellScriptBuildPhase section */

/* Begin PBXSourcesBuildPhase section */
		93BD6F140AD84A49007CE525 /* Sources */ = {
			isa = PBXSourcesBuildPhase;
			buildActionMask = 2147483647;
			files = (
				93DBD7F20F5E1BB000E1265C /* SMEAccountInfo.m in Sources */,
				93DBD7F30F5E1BB000E1265C /* SMEAlbum.m in Sources */,
				93DBD7F40F5E1BB000E1265C /* SMEAlbumRef.m in Sources */,
				93DBD7F50F5E1BB000E1265C /* SMECategory.m in Sources */,
				93DBD7F60F5E1BB000E1265C /* SMEConciseAlbum.m in Sources */,
				93DBD7F70F5E1BB000E1265C /* SMEData.m in Sources */,
				93DBD7F80F5E1BB000E1265C /* SMEImage.m in Sources */,
				93DBD7F90F5E1BB000E1265C /* SMEImageRef.m in Sources */,
				93DBD7FA0F5E1BB000E1265C /* SMEImageURLs.m in Sources */,
				93DBD7FB0F5E1BB000E1265C /* SMEJSONDecoder.m in Sources */,
				93DBD7FC0F5E1BB000E1265C /* SMEMethodRequest.m in Sources */,
				93DBD7FD0F5E1BB000E1265C /* SMEResponse.m in Sources */,
				93DBD7FE0F5E1BB000E1265C /* SMESession.m in Sources */,
				93DBD7FF0F5E1BB000E1265C /* SMESubCategory.m in Sources */,
				93DBD8000F5E1BB000E1265C /* SMEUploadRequest.m in Sources */,
				93DBD8140F5E1BFA00E1265C /* SMEAccountManager.m in Sources */,
				93DBD8150F5E1BFA00E1265C /* SMEAlbumEditController.m in Sources */,
				93DBD8160F5E1BFA00E1265C /* SMEBitmapImageRepAdditions.m in Sources */,
				93DBD8170F5E1BFA00E1265C /* SMEExportBox.m in Sources */,
				93DBD8180F5E1BFA00E1265C /* SMEExportPlugin.m in Sources */,
				93C5F3FB181C35FB00B10B88 /* JSONKit.m in Sources */,
				93DBD81A0F5E1BFA00E1265C /* SMETableView.m in Sources */,
				93DBD81B0F5E1BFA00E1265C /* SMEUserDefaults.m in Sources */,
				93DBD81C0F5E1BFA00E1265C /* SMEUserDefaultsAdditions.m in Sources */,
				93EFC25B0F5F6D5500BAB971 /* SMEKeychainManager.m in Sources */,
				93EFC25E0F5F6D5F00BAB971 /* SMEDataAdditions.m in Sources */,
				E1DF1436157A8F0F002F9A9E /* SMEAlbumTemplate.m in Sources */,
			);
			runOnlyForDeploymentPostprocessing = 0;
		};
/* End PBXSourcesBuildPhase section */

/* Begin XCBuildConfiguration section */
		1DEB913F08733D840010E9CD /* Debug */ = {
			isa = XCBuildConfiguration;
			buildSettings = {
				FRAMEWORK_SEARCH_PATHS = "$(SRCROOT)/SmugMugExport/Resources/Frameworks";
				GCC_ENABLE_OBJC_EXCEPTIONS = YES;
				GCC_WARN_ABOUT_RETURN_TYPE = YES;
				GCC_WARN_UNUSED_VARIABLE = YES;
				SDKROOT = macosx;
			};
			name = Debug;
		};
		1DEB914008733D840010E9CD /* Release */ = {
			isa = XCBuildConfiguration;
			buildSettings = {
				FRAMEWORK_SEARCH_PATHS = "$(SRCROOT)/SmugMugExport/Resources/Frameworks";
				GCC_ENABLE_OBJC_EXCEPTIONS = YES;
				GCC_WARN_ABOUT_RETURN_TYPE = YES;
				GCC_WARN_UNUSED_VARIABLE = YES;
				SDKROOT = macosx;
			};
			name = Release;
		};
		93BD6F1A0AD84A49007CE525 /* Debug */ = {
			isa = XCBuildConfiguration;
			buildSettings = {
				ALWAYS_SEARCH_USER_PATHS = YES;
				ARCHS = "$(ARCHS_STANDARD_32_64_BIT)";
				CLANG_ENABLE_OBJC_ARC = NO;
				COPY_PHASE_STRIP = NO;
				CURRENT_PROJECT_VERSION = 18;
				FRAMEWORK_SEARCH_PATHS = "$(SRCROOT)/SmugMugExport/Resources/Frameworks";
				GCC_DYNAMIC_NO_PIC = NO;
				GCC_GENERATE_DEBUGGING_SYMBOLS = YES;
				GCC_OPTIMIZATION_LEVEL = 0;
				GCC_PRECOMPILE_PREFIX_HEADER = YES;
				GCC_VERSION = "";
				GCC_WARN_UNUSED_FUNCTION = YES;
				GCC_WARN_UNUSED_LABEL = YES;
				GCC_WARN_UNUSED_VALUE = YES;
				HEADER_SEARCH_PATHS = "";
				INFOPLIST_FILE = "SmugMugExport/Resources/SmugMugExport-Info.plist";
				INSTALL_PATH = "$(HOME)/Library/Bundles";
				OTHER_LDFLAGS = "";
				PRODUCT_NAME = SmugMugExport;
				VERSIONING_SYSTEM = "apple-generic";
				VERSION_INFO_PREFIX = SME;
				WRAPPER_EXTENSION = iPhotoExporter;
			};
			name = Debug;
		};
		93BD6F1B0AD84A49007CE525 /* Release */ = {
			isa = XCBuildConfiguration;
			buildSettings = {
				ALWAYS_SEARCH_USER_PATHS = YES;
				ARCHS = "$(ARCHS_STANDARD_32_64_BIT)";
				CLANG_ENABLE_OBJC_ARC = NO;
				COPY_PHASE_STRIP = YES;
				CURRENT_PROJECT_VERSION = 18;
				FRAMEWORK_SEARCH_PATHS = "$(SRCROOT)/SmugMugExport/Resources/Frameworks";
				GCC_GENERATE_DEBUGGING_SYMBOLS = NO;
				GCC_PRECOMPILE_PREFIX_HEADER = YES;
				GCC_VERSION = "";
				HEADER_SEARCH_PATHS = "";
				INFOPLIST_FILE = "SmugMugExport/Resources/SmugMugExport-Info.plist";
				INSTALL_PATH = "$(HOME)/Library/Bundles";
				OTHER_LDFLAGS = "";
				PRODUCT_NAME = SmugMugExport;
				VERSIONING_SYSTEM = "apple-generic";
				VERSION_INFO_PREFIX = SME;
				WRAPPER_EXTENSION = iPhotoExporter;
			};
			name = Release;
		};
/* End XCBuildConfiguration section */

/* Begin XCConfigurationList section */
		1DEB913E08733D840010E9CD /* Build configuration list for PBXProject "SmugMugExport" */ = {
			isa = XCConfigurationList;
			buildConfigurations = (
				1DEB913F08733D840010E9CD /* Debug */,
				1DEB914008733D840010E9CD /* Release */,
			);
			defaultConfigurationIsVisible = 0;
			defaultConfigurationName = Release;
		};
		93BD6F190AD84A49007CE525 /* Build configuration list for PBXNativeTarget "SmugMugExport" */ = {
			isa = XCConfigurationList;
			buildConfigurations = (
				93BD6F1A0AD84A49007CE525 /* Debug */,
				93BD6F1B0AD84A49007CE525 /* Release */,
			);
			defaultConfigurationIsVisible = 0;
			defaultConfigurationName = Release;
		};
/* End XCConfigurationList section */
	};
	rootObject = 089C1669FE841209C02AAC07 /* Project object */;
}
