// !$*UTF8*$!
{
	archiveVersion = 1;
	classes = {
	};
	objectVersion = 42;
	objects = {

/* Begin PBXBuildFile section */
		930961BB0C66A164002B8DAA /* libcrypto.dylib in Frameworks */ = {isa = PBXBuildFile; fileRef = 930961BA0C66A164002B8DAA /* libcrypto.dylib */; };
		930DE5F30B4831D2008120ED /* Security.framework in Frameworks */ = {isa = PBXBuildFile; fileRef = 930DE5BE0B4831D2008120ED /* Security.framework */; };
		9319DE3B0CB91B5D0037023F /* SMEAccountManager.m in Sources */ = {isa = PBXBuildFile; fileRef = 9319DE390CB91B5D0037023F /* SMEAccountManager.m */; };
		932010220E854D7200A0341A /* SMEKeychainManager.m in Sources */ = {isa = PBXBuildFile; fileRef = 932010200E854D7200A0341A /* SMEKeychainManager.m */; };
		932164860B2F78F500624A8D /* SmugMugExport.nib in Resources */ = {isa = PBXBuildFile; fileRef = 932164810B2F78F500624A8D /* SmugMugExport.nib */; };
		933A9E560CB7C53900B7B2A5 /* SMETableView.m in Sources */ = {isa = PBXBuildFile; fileRef = 933A9E540CB7C53900B7B2A5 /* SMETableView.m */; };
		933AA0920CB825CA00B7B2A5 /* SMEExportBox.m in Sources */ = {isa = PBXBuildFile; fileRef = 933AA0900CB825C900B7B2A5 /* SMEExportBox.m */; };
		933AA0B30CB8273000B7B2A5 /* SMEUserDefaults.m in Sources */ = {isa = PBXBuildFile; fileRef = 933AA0B10CB8273000B7B2A5 /* SMEUserDefaults.m */; };
		933AA0CC0CB827CF00B7B2A5 /* SMEExportPlugin.m in Sources */ = {isa = PBXBuildFile; fileRef = 933AA0CA0CB827CF00B7B2A5 /* SMEExportPlugin.m */; };
		93459D790E8121F2001A5E0B /* SMEAccountInfo.m in Sources */ = {isa = PBXBuildFile; fileRef = 93459D580E8121F2001A5E0B /* SMEAccountInfo.m */; };
		93459D7A0E8121F2001A5E0B /* SMEAlbum.m in Sources */ = {isa = PBXBuildFile; fileRef = 93459D5A0E8121F2001A5E0B /* SMEAlbum.m */; };
		93459D7B0E8121F2001A5E0B /* SMEAlbumRef.m in Sources */ = {isa = PBXBuildFile; fileRef = 93459D5C0E8121F2001A5E0B /* SMEAlbumRef.m */; };
		93459D7C0E8121F2001A5E0B /* SMECategory.m in Sources */ = {isa = PBXBuildFile; fileRef = 93459D5E0E8121F2001A5E0B /* SMECategory.m */; };
		93459D7D0E8121F2001A5E0B /* SMEConciseAlbum.m in Sources */ = {isa = PBXBuildFile; fileRef = 93459D600E8121F2001A5E0B /* SMEConciseAlbum.m */; };
		93459D7E0E8121F2001A5E0B /* SMEData.m in Sources */ = {isa = PBXBuildFile; fileRef = 93459D620E8121F2001A5E0B /* SMEData.m */; };
		93459D7F0E8121F2001A5E0B /* SMEImage.m in Sources */ = {isa = PBXBuildFile; fileRef = 93459D650E8121F2001A5E0B /* SMEImage.m */; };
		93459D800E8121F2001A5E0B /* SMEImageRef.m in Sources */ = {isa = PBXBuildFile; fileRef = 93459D670E8121F2001A5E0B /* SMEImageRef.m */; };
		93459D810E8121F2001A5E0B /* SMEImageURLs.m in Sources */ = {isa = PBXBuildFile; fileRef = 93459D690E8121F2001A5E0B /* SMEImageURLs.m */; };
		93459D820E8121F2001A5E0B /* SMEJSONDecoder.m in Sources */ = {isa = PBXBuildFile; fileRef = 93459D6B0E8121F2001A5E0B /* SMEJSONDecoder.m */; };
		93459D830E8121F2001A5E0B /* SMEMethodRequest.m in Sources */ = {isa = PBXBuildFile; fileRef = 93459D6D0E8121F2001A5E0B /* SMEMethodRequest.m */; };
		93459D840E8121F2001A5E0B /* SMEResponse.m in Sources */ = {isa = PBXBuildFile; fileRef = 93459D700E8121F2001A5E0B /* SMEResponse.m */; };
		93459D850E8121F2001A5E0B /* SMESession.m in Sources */ = {isa = PBXBuildFile; fileRef = 93459D720E8121F2001A5E0B /* SMESession.m */; };
		93459D860E8121F2001A5E0B /* SMESubCategory.m in Sources */ = {isa = PBXBuildFile; fileRef = 93459D750E8121F2001A5E0B /* SMESubCategory.m */; };
		93459D870E8121F2001A5E0B /* SMEUploadRequest.m in Sources */ = {isa = PBXBuildFile; fileRef = 93459D780E8121F2001A5E0B /* SMEUploadRequest.m */; };
		935A1A870C1CC2CC00043E12 /* SMEUserDefaultsAdditions.m in Sources */ = {isa = PBXBuildFile; fileRef = 935A1A850C1CC2CC00043E12 /* SMEUserDefaultsAdditions.m */; };
		9367FD4A0EE3597C004110B1 /* WebKit.framework in Frameworks */ = {isa = PBXBuildFile; fileRef = 9367FD490EE3597C004110B1 /* WebKit.framework */; };
		937FE0B70E80926F00D2F5CE /* SMEDataAdditions.m in Sources */ = {isa = PBXBuildFile; fileRef = 937FE0B00E80926F00D2F5CE /* SMEDataAdditions.m */; };
		939FDC8D0E2A5FB6001D6B9B /* SMEGrowlDelegate.m in Sources */ = {isa = PBXBuildFile; fileRef = 939FDC8B0E2A5FB6001D6B9B /* SMEGrowlDelegate.m */; };
		93BD6F2F0AD84AAC007CE525 /* Cocoa.framework in Frameworks */ = {isa = PBXBuildFile; fileRef = 1058C7ADFEA557BF11CA2CBB /* Cocoa.framework */; };
		93C23E820D96B4290022EEE1 /* SMEAlbumEditController.m in Sources */ = {isa = PBXBuildFile; fileRef = 93C23E800D96B4290022EEE1 /* SMEAlbumEditController.m */; };
		93C23EA70D96B8DF0022EEE1 /* AlbumEdit.nib in Resources */ = {isa = PBXBuildFile; fileRef = 93C23EA60D96B8DF0022EEE1 /* AlbumEdit.nib */; };
		93CE12270D5504B200C96591 /* Growl.framework in Copy Frameworks */ = {isa = PBXBuildFile; fileRef = 93CE121E0D5504A800C96591 /* Growl.framework */; };
		93DE06B00DE990ED0029F0FA /* JSON.framework in Copy Frameworks */ = {isa = PBXBuildFile; fileRef = 93DE06380DE98DD60029F0FA /* JSON.framework */; };
		93ED9E1B0E22C5A800572F50 /* SMEBitmapImageRepAdditions.m in Sources */ = {isa = PBXBuildFile; fileRef = 93ED9E1A0E22C5A800572F50 /* SMEBitmapImageRepAdditions.m */; };
/* End PBXBuildFile section */

/* Begin PBXCopyFilesBuildPhase section */
		93CE107A0D54F53E00C96591 /* Copy Frameworks */ = {
			isa = PBXCopyFilesBuildPhase;
			buildActionMask = 2147483647;
			dstPath = "";
			dstSubfolderSpec = 10;
			files = (
				93DE06B00DE990ED0029F0FA /* JSON.framework in Copy Frameworks */,
				93CE12270D5504B200C96591 /* Growl.framework in Copy Frameworks */,
			);
			name = "Copy Frameworks";
			runOnlyForDeploymentPostprocessing = 0;
		};
/* End PBXCopyFilesBuildPhase section */

/* Begin PBXFileReference section */
		089C1672FE841209C02AAC07 /* Foundation.framework */ = {isa = PBXFileReference; lastKnownFileType = wrapper.framework; name = Foundation.framework; path = /System/Library/Frameworks/Foundation.framework; sourceTree = "<absolute>"; };
		089C167FFE841241C02AAC07 /* AppKit.framework */ = {isa = PBXFileReference; lastKnownFileType = wrapper.framework; name = AppKit.framework; path = /System/Library/Frameworks/AppKit.framework; sourceTree = "<absolute>"; };
		1058C7ADFEA557BF11CA2CBB /* Cocoa.framework */ = {isa = PBXFileReference; lastKnownFileType = wrapper.framework; name = Cocoa.framework; path = /System/Library/Frameworks/Cocoa.framework; sourceTree = "<absolute>"; };
		930961BA0C66A164002B8DAA /* libcrypto.dylib */ = {isa = PBXFileReference; lastKnownFileType = "compiled.mach-o.dylib"; name = libcrypto.dylib; path = /usr/lib/libcrypto.dylib; sourceTree = "<absolute>"; };
		930DE5BE0B4831D2008120ED /* Security.framework */ = {isa = PBXFileReference; lastKnownFileType = wrapper.framework; name = Security.framework; path = /System/Library/Frameworks/Security.framework; sourceTree = "<absolute>"; };
		93188D970DE9D5C600DBC3FC /* SenTestingKit.framework */ = {isa = PBXFileReference; lastKnownFileType = wrapper.framework; name = SenTestingKit.framework; path = /System/Library/Frameworks/SenTestingKit.framework; sourceTree = "<absolute>"; };
		93188E3D0DE9D83700DBC3FC /* Tests-Info.plist */ = {isa = PBXFileReference; fileEncoding = 4; lastKnownFileType = text.plist.xml; name = "Tests-Info.plist"; path = "Resources/Tests-Info.plist"; sourceTree = "<group>"; };
		9319DE340CB91B560037023F /* SMEGlobals.h */ = {isa = PBXFileReference; fileEncoding = 4; lastKnownFileType = sourcecode.c.h; name = SMEGlobals.h; path = Source/SMEGlobals.h; sourceTree = "<group>"; };
		9319DE380CB91B5D0037023F /* SMEAccountManager.h */ = {isa = PBXFileReference; fileEncoding = 4; lastKnownFileType = sourcecode.c.h; name = SMEAccountManager.h; path = Source/SMEAccountManager.h; sourceTree = "<group>"; };
		9319DE390CB91B5D0037023F /* SMEAccountManager.m */ = {isa = PBXFileReference; fileEncoding = 4; lastKnownFileType = sourcecode.c.objc; name = SMEAccountManager.m; path = Source/SMEAccountManager.m; sourceTree = "<group>"; };
		932010200E854D7200A0341A /* SMEKeychainManager.m */ = {isa = PBXFileReference; fileEncoding = 4; lastKnownFileType = sourcecode.c.objc; name = SMEKeychainManager.m; path = ../../Common/SMEKeychainManager.m; sourceTree = SOURCE_ROOT; };
		932010210E854D7200A0341A /* SMEKeychainManager.h */ = {isa = PBXFileReference; fileEncoding = 4; lastKnownFileType = sourcecode.c.h; name = SMEKeychainManager.h; path = ../../Common/SMEKeychainManager.h; sourceTree = SOURCE_ROOT; };
		932164750B2F78D600624A8D /* ExportImageProtocol.h */ = {isa = PBXFileReference; fileEncoding = 4; lastKnownFileType = sourcecode.c.h; name = ExportImageProtocol.h; path = Source/ExportImageProtocol.h; sourceTree = "<group>"; };
		932164760B2F78D600624A8D /* ExportMgr.h */ = {isa = PBXFileReference; fileEncoding = 4; lastKnownFileType = sourcecode.c.h; name = ExportMgr.h; path = Source/ExportMgr.h; sourceTree = "<group>"; };
		932164770B2F78D600624A8D /* ExportPluginBoxProtocol.h */ = {isa = PBXFileReference; fileEncoding = 4; lastKnownFileType = sourcecode.c.h; name = ExportPluginBoxProtocol.h; path = Source/ExportPluginBoxProtocol.h; sourceTree = "<group>"; };
		932164780B2F78D600624A8D /* ExportPluginProtocol.h */ = {isa = PBXFileReference; fileEncoding = 4; lastKnownFileType = sourcecode.c.h; name = ExportPluginProtocol.h; path = Source/ExportPluginProtocol.h; sourceTree = "<group>"; };
		932164810B2F78F500624A8D /* SmugMugExport.nib */ = {isa = PBXFileReference; lastKnownFileType = wrapper.nib; name = SmugMugExport.nib; path = Resources/SmugMugExport.nib; sourceTree = "<group>"; };
		932164B00B2F7BBC00624A8D /* SmugmugExport_Prefix.pch */ = {isa = PBXFileReference; fileEncoding = 4; lastKnownFileType = sourcecode.c.h; name = SmugmugExport_Prefix.pch; path = Source/SmugmugExport_Prefix.pch; sourceTree = "<group>"; };
		933A9E530CB7C53900B7B2A5 /* SMETableView.h */ = {isa = PBXFileReference; fileEncoding = 4; lastKnownFileType = sourcecode.c.h; name = SMETableView.h; path = Source/SMETableView.h; sourceTree = "<group>"; };
		933A9E540CB7C53900B7B2A5 /* SMETableView.m */ = {isa = PBXFileReference; fileEncoding = 4; lastKnownFileType = sourcecode.c.objc; name = SMETableView.m; path = Source/SMETableView.m; sourceTree = "<group>"; };
		933AA08F0CB825C900B7B2A5 /* SMEExportBox.h */ = {isa = PBXFileReference; fileEncoding = 4; lastKnownFileType = sourcecode.c.h; name = SMEExportBox.h; path = Source/SMEExportBox.h; sourceTree = "<group>"; };
		933AA0900CB825C900B7B2A5 /* SMEExportBox.m */ = {isa = PBXFileReference; fileEncoding = 4; lastKnownFileType = sourcecode.c.objc; name = SMEExportBox.m; path = Source/SMEExportBox.m; sourceTree = "<group>"; };
		933AA0B00CB8273000B7B2A5 /* SMEUserDefaults.h */ = {isa = PBXFileReference; fileEncoding = 4; lastKnownFileType = sourcecode.c.h; name = SMEUserDefaults.h; path = Source/SMEUserDefaults.h; sourceTree = "<group>"; };
		933AA0B10CB8273000B7B2A5 /* SMEUserDefaults.m */ = {isa = PBXFileReference; fileEncoding = 4; lastKnownFileType = sourcecode.c.objc; name = SMEUserDefaults.m; path = Source/SMEUserDefaults.m; sourceTree = "<group>"; };
		933AA0C90CB827CF00B7B2A5 /* SMEExportPlugin.h */ = {isa = PBXFileReference; fileEncoding = 4; lastKnownFileType = sourcecode.c.h; name = SMEExportPlugin.h; path = Source/SMEExportPlugin.h; sourceTree = "<group>"; };
		933AA0CA0CB827CF00B7B2A5 /* SMEExportPlugin.m */ = {isa = PBXFileReference; fileEncoding = 4; lastKnownFileType = sourcecode.c.objc; name = SMEExportPlugin.m; path = Source/SMEExportPlugin.m; sourceTree = "<group>"; };
		93459D570E8121F2001A5E0B /* SMEAccountInfo.h */ = {isa = PBXFileReference; fileEncoding = 4; lastKnownFileType = sourcecode.c.h; name = SMEAccountInfo.h; path = ../../SmugMugCore/releases/1.0.0/SMEAccountInfo.h; sourceTree = SOURCE_ROOT; };
		93459D580E8121F2001A5E0B /* SMEAccountInfo.m */ = {isa = PBXFileReference; fileEncoding = 4; lastKnownFileType = sourcecode.c.objc; name = SMEAccountInfo.m; path = ../../SmugMugCore/releases/1.0.0/SMEAccountInfo.m; sourceTree = SOURCE_ROOT; };
		93459D590E8121F2001A5E0B /* SMEAlbum.h */ = {isa = PBXFileReference; fileEncoding = 4; lastKnownFileType = sourcecode.c.h; name = SMEAlbum.h; path = ../../SmugMugCore/releases/1.0.0/SMEAlbum.h; sourceTree = SOURCE_ROOT; };
		93459D5A0E8121F2001A5E0B /* SMEAlbum.m */ = {isa = PBXFileReference; fileEncoding = 4; lastKnownFileType = sourcecode.c.objc; name = SMEAlbum.m; path = ../../SmugMugCore/releases/1.0.0/SMEAlbum.m; sourceTree = SOURCE_ROOT; };
		93459D5B0E8121F2001A5E0B /* SMEAlbumRef.h */ = {isa = PBXFileReference; fileEncoding = 4; lastKnownFileType = sourcecode.c.h; name = SMEAlbumRef.h; path = ../../SmugMugCore/releases/1.0.0/SMEAlbumRef.h; sourceTree = SOURCE_ROOT; };
		93459D5C0E8121F2001A5E0B /* SMEAlbumRef.m */ = {isa = PBXFileReference; fileEncoding = 4; lastKnownFileType = sourcecode.c.objc; name = SMEAlbumRef.m; path = ../../SmugMugCore/releases/1.0.0/SMEAlbumRef.m; sourceTree = SOURCE_ROOT; };
		93459D5D0E8121F2001A5E0B /* SMECategory.h */ = {isa = PBXFileReference; fileEncoding = 4; lastKnownFileType = sourcecode.c.h; name = SMECategory.h; path = ../../SmugMugCore/releases/1.0.0/SMECategory.h; sourceTree = SOURCE_ROOT; };
		93459D5E0E8121F2001A5E0B /* SMECategory.m */ = {isa = PBXFileReference; fileEncoding = 4; lastKnownFileType = sourcecode.c.objc; name = SMECategory.m; path = ../../SmugMugCore/releases/1.0.0/SMECategory.m; sourceTree = SOURCE_ROOT; };
		93459D5F0E8121F2001A5E0B /* SMEConciseAlbum.h */ = {isa = PBXFileReference; fileEncoding = 4; lastKnownFileType = sourcecode.c.h; name = SMEConciseAlbum.h; path = ../../SmugMugCore/releases/1.0.0/SMEConciseAlbum.h; sourceTree = SOURCE_ROOT; };
		93459D600E8121F2001A5E0B /* SMEConciseAlbum.m */ = {isa = PBXFileReference; fileEncoding = 4; lastKnownFileType = sourcecode.c.objc; name = SMEConciseAlbum.m; path = ../../SmugMugCore/releases/1.0.0/SMEConciseAlbum.m; sourceTree = SOURCE_ROOT; };
		93459D610E8121F2001A5E0B /* SMEData.h */ = {isa = PBXFileReference; fileEncoding = 4; lastKnownFileType = sourcecode.c.h; name = SMEData.h; path = ../../SmugMugCore/releases/1.0.0/SMEData.h; sourceTree = SOURCE_ROOT; };
		93459D620E8121F2001A5E0B /* SMEData.m */ = {isa = PBXFileReference; fileEncoding = 4; lastKnownFileType = sourcecode.c.objc; name = SMEData.m; path = ../../SmugMugCore/releases/1.0.0/SMEData.m; sourceTree = SOURCE_ROOT; };
		93459D630E8121F2001A5E0B /* SMEDecoder.h */ = {isa = PBXFileReference; fileEncoding = 4; lastKnownFileType = sourcecode.c.h; name = SMEDecoder.h; path = ../../SmugMugCore/releases/1.0.0/SMEDecoder.h; sourceTree = SOURCE_ROOT; };
		93459D640E8121F2001A5E0B /* SMEImage.h */ = {isa = PBXFileReference; fileEncoding = 4; lastKnownFileType = sourcecode.c.h; name = SMEImage.h; path = ../../SmugMugCore/releases/1.0.0/SMEImage.h; sourceTree = SOURCE_ROOT; };
		93459D650E8121F2001A5E0B /* SMEImage.m */ = {isa = PBXFileReference; fileEncoding = 4; lastKnownFileType = sourcecode.c.objc; name = SMEImage.m; path = ../../SmugMugCore/releases/1.0.0/SMEImage.m; sourceTree = SOURCE_ROOT; };
		93459D660E8121F2001A5E0B /* SMEImageRef.h */ = {isa = PBXFileReference; fileEncoding = 4; lastKnownFileType = sourcecode.c.h; name = SMEImageRef.h; path = ../../SmugMugCore/releases/1.0.0/SMEImageRef.h; sourceTree = SOURCE_ROOT; };
		93459D670E8121F2001A5E0B /* SMEImageRef.m */ = {isa = PBXFileReference; fileEncoding = 4; lastKnownFileType = sourcecode.c.objc; name = SMEImageRef.m; path = ../../SmugMugCore/releases/1.0.0/SMEImageRef.m; sourceTree = SOURCE_ROOT; };
		93459D680E8121F2001A5E0B /* SMEImageURLs.h */ = {isa = PBXFileReference; fileEncoding = 4; lastKnownFileType = sourcecode.c.h; name = SMEImageURLs.h; path = ../../SmugMugCore/releases/1.0.0/SMEImageURLs.h; sourceTree = SOURCE_ROOT; };
		93459D690E8121F2001A5E0B /* SMEImageURLs.m */ = {isa = PBXFileReference; fileEncoding = 4; lastKnownFileType = sourcecode.c.objc; name = SMEImageURLs.m; path = ../../SmugMugCore/releases/1.0.0/SMEImageURLs.m; sourceTree = SOURCE_ROOT; };
		93459D6A0E8121F2001A5E0B /* SMEJSONDecoder.h */ = {isa = PBXFileReference; fileEncoding = 4; lastKnownFileType = sourcecode.c.h; name = SMEJSONDecoder.h; path = ../../SmugMugCore/releases/1.0.0/SMEJSONDecoder.h; sourceTree = SOURCE_ROOT; };
		93459D6B0E8121F2001A5E0B /* SMEJSONDecoder.m */ = {isa = PBXFileReference; fileEncoding = 4; lastKnownFileType = sourcecode.c.objc; name = SMEJSONDecoder.m; path = ../../SmugMugCore/releases/1.0.0/SMEJSONDecoder.m; sourceTree = SOURCE_ROOT; };
		93459D6C0E8121F2001A5E0B /* SMEMethodRequest.h */ = {isa = PBXFileReference; fileEncoding = 4; lastKnownFileType = sourcecode.c.h; name = SMEMethodRequest.h; path = ../../SmugMugCore/releases/1.0.0/SMEMethodRequest.h; sourceTree = SOURCE_ROOT; };
		93459D6D0E8121F2001A5E0B /* SMEMethodRequest.m */ = {isa = PBXFileReference; fileEncoding = 4; lastKnownFileType = sourcecode.c.objc; name = SMEMethodRequest.m; path = ../../SmugMugCore/releases/1.0.0/SMEMethodRequest.m; sourceTree = SOURCE_ROOT; };
		93459D6E0E8121F2001A5E0B /* SMERequest.h */ = {isa = PBXFileReference; fileEncoding = 4; lastKnownFileType = sourcecode.c.h; name = SMERequest.h; path = ../../SmugMugCore/releases/1.0.0/SMERequest.h; sourceTree = SOURCE_ROOT; };
		93459D6F0E8121F2001A5E0B /* SMEResponse.h */ = {isa = PBXFileReference; fileEncoding = 4; lastKnownFileType = sourcecode.c.h; name = SMEResponse.h; path = ../../SmugMugCore/releases/1.0.0/SMEResponse.h; sourceTree = SOURCE_ROOT; };
		93459D700E8121F2001A5E0B /* SMEResponse.m */ = {isa = PBXFileReference; fileEncoding = 4; lastKnownFileType = sourcecode.c.objc; name = SMEResponse.m; path = ../../SmugMugCore/releases/1.0.0/SMEResponse.m; sourceTree = SOURCE_ROOT; };
		93459D710E8121F2001A5E0B /* SMESession.h */ = {isa = PBXFileReference; fileEncoding = 4; lastKnownFileType = sourcecode.c.h; name = SMESession.h; path = ../../SmugMugCore/releases/1.0.0/SMESession.h; sourceTree = SOURCE_ROOT; };
		93459D720E8121F2001A5E0B /* SMESession.m */ = {isa = PBXFileReference; fileEncoding = 4; lastKnownFileType = sourcecode.c.objc; name = SMESession.m; path = ../../SmugMugCore/releases/1.0.0/SMESession.m; sourceTree = SOURCE_ROOT; };
		93459D730E8121F2001A5E0B /* SMESmugMugCore.h */ = {isa = PBXFileReference; fileEncoding = 4; lastKnownFileType = sourcecode.c.h; name = SMESmugMugCore.h; path = ../../SmugMugCore/releases/1.0.0/SMESmugMugCore.h; sourceTree = SOURCE_ROOT; };
		93459D740E8121F2001A5E0B /* SMESubCategory.h */ = {isa = PBXFileReference; fileEncoding = 4; lastKnownFileType = sourcecode.c.h; name = SMESubCategory.h; path = ../../SmugMugCore/releases/1.0.0/SMESubCategory.h; sourceTree = SOURCE_ROOT; };
		93459D750E8121F2001A5E0B /* SMESubCategory.m */ = {isa = PBXFileReference; fileEncoding = 4; lastKnownFileType = sourcecode.c.objc; name = SMESubCategory.m; path = ../../SmugMugCore/releases/1.0.0/SMESubCategory.m; sourceTree = SOURCE_ROOT; };
		93459D760E8121F2001A5E0B /* SMEUploadObserver.h */ = {isa = PBXFileReference; fileEncoding = 4; lastKnownFileType = sourcecode.c.h; name = SMEUploadObserver.h; path = ../../SmugMugCore/releases/1.0.0/SMEUploadObserver.h; sourceTree = SOURCE_ROOT; };
		93459D770E8121F2001A5E0B /* SMEUploadRequest.h */ = {isa = PBXFileReference; fileEncoding = 4; lastKnownFileType = sourcecode.c.h; name = SMEUploadRequest.h; path = ../../SmugMugCore/releases/1.0.0/SMEUploadRequest.h; sourceTree = SOURCE_ROOT; };
		93459D780E8121F2001A5E0B /* SMEUploadRequest.m */ = {isa = PBXFileReference; fileEncoding = 4; lastKnownFileType = sourcecode.c.objc; name = SMEUploadRequest.m; path = ../../SmugMugCore/releases/1.0.0/SMEUploadRequest.m; sourceTree = SOURCE_ROOT; };
		935A1A840C1CC2CC00043E12 /* SMEUserDefaultsAdditions.h */ = {isa = PBXFileReference; fileEncoding = 4; lastKnownFileType = sourcecode.c.h; name = SMEUserDefaultsAdditions.h; path = Source/SMEUserDefaultsAdditions.h; sourceTree = "<group>"; };
		935A1A850C1CC2CC00043E12 /* SMEUserDefaultsAdditions.m */ = {isa = PBXFileReference; fileEncoding = 4; lastKnownFileType = sourcecode.c.objc; name = SMEUserDefaultsAdditions.m; path = Source/SMEUserDefaultsAdditions.m; sourceTree = "<group>"; };
		9367FD490EE3597C004110B1 /* WebKit.framework */ = {isa = PBXFileReference; lastKnownFileType = wrapper.framework; name = WebKit.framework; path = /System/Library/Frameworks/WebKit.framework; sourceTree = "<absolute>"; };
		937FE0AF0E80926F00D2F5CE /* SMEDataAdditions.h */ = {isa = PBXFileReference; fileEncoding = 4; lastKnownFileType = sourcecode.c.h; name = SMEDataAdditions.h; path = ../../Common/SMEDataAdditions.h; sourceTree = SOURCE_ROOT; };
		937FE0B00E80926F00D2F5CE /* SMEDataAdditions.m */ = {isa = PBXFileReference; fileEncoding = 4; lastKnownFileType = sourcecode.c.objc; name = SMEDataAdditions.m; path = ../../Common/SMEDataAdditions.m; sourceTree = SOURCE_ROOT; };
		939FDC8B0E2A5FB6001D6B9B /* SMEGrowlDelegate.m */ = {isa = PBXFileReference; fileEncoding = 4; lastKnownFileType = sourcecode.c.objc; name = SMEGrowlDelegate.m; path = Source/SMEGrowlDelegate.m; sourceTree = "<group>"; };
		939FDC8C0E2A5FB6001D6B9B /* SMEGrowlDelegate.h */ = {isa = PBXFileReference; fileEncoding = 4; lastKnownFileType = sourcecode.c.h; name = SMEGrowlDelegate.h; path = Source/SMEGrowlDelegate.h; sourceTree = "<group>"; };
		93BD6F170AD84A49007CE525 /* SmugMugExport.iPhotoExporter */ = {isa = PBXFileReference; explicitFileType = wrapper.cfbundle; includeInIndex = 0; path = SmugMugExport.iPhotoExporter; sourceTree = BUILT_PRODUCTS_DIR; };
		93BD6F180AD84A49007CE525 /* SmugMugExport-Info.plist */ = {isa = PBXFileReference; lastKnownFileType = text.plist.xml; name = "SmugMugExport-Info.plist"; path = "Resources/SmugMugExport-Info.plist"; sourceTree = "<group>"; };
		93C23E800D96B4290022EEE1 /* SMEAlbumEditController.m */ = {isa = PBXFileReference; fileEncoding = 4; lastKnownFileType = sourcecode.c.objc; name = SMEAlbumEditController.m; path = Source/SMEAlbumEditController.m; sourceTree = "<group>"; };
		93C23E810D96B4290022EEE1 /* SMEAlbumEditController.h */ = {isa = PBXFileReference; fileEncoding = 4; lastKnownFileType = sourcecode.c.h; name = SMEAlbumEditController.h; path = Source/SMEAlbumEditController.h; sourceTree = "<group>"; };
		93C23EA60D96B8DF0022EEE1 /* AlbumEdit.nib */ = {isa = PBXFileReference; lastKnownFileType = wrapper.nib; name = AlbumEdit.nib; path = Resources/AlbumEdit.nib; sourceTree = "<group>"; };
		93CE121E0D5504A800C96591 /* Growl.framework */ = {isa = PBXFileReference; lastKnownFileType = wrapper.framework; name = Growl.framework; path = Resources/Frameworks/Growl.framework; sourceTree = "<group>"; };
		93DE06380DE98DD60029F0FA /* JSON.framework */ = {isa = PBXFileReference; lastKnownFileType = wrapper.framework; name = JSON.framework; path = Resources/Frameworks/JSON.framework; sourceTree = "<group>"; };
		93ED9E190E22C5A800572F50 /* SMEBitmapImageRepAdditions.h */ = {isa = PBXFileReference; fileEncoding = 4; lastKnownFileType = sourcecode.c.h; name = SMEBitmapImageRepAdditions.h; path = Source/SMEBitmapImageRepAdditions.h; sourceTree = "<group>"; };
		93ED9E1A0E22C5A800572F50 /* SMEBitmapImageRepAdditions.m */ = {isa = PBXFileReference; fileEncoding = 4; lastKnownFileType = sourcecode.c.objc; name = SMEBitmapImageRepAdditions.m; path = Source/SMEBitmapImageRepAdditions.m; sourceTree = "<group>"; };
/* End PBXFileReference section */

/* Begin PBXFrameworksBuildPhase section */
		93BD6F150AD84A49007CE525 /* Frameworks */ = {
			isa = PBXFrameworksBuildPhase;
			buildActionMask = 2147483647;
			files = (
				93BD6F2F0AD84AAC007CE525 /* Cocoa.framework in Frameworks */,
				930DE5F30B4831D2008120ED /* Security.framework in Frameworks */,
				930961BB0C66A164002B8DAA /* libcrypto.dylib in Frameworks */,
				9367FD4A0EE3597C004110B1 /* WebKit.framework in Frameworks */,
			);
			runOnlyForDeploymentPostprocessing = 0;
		};
/* End PBXFrameworksBuildPhase section */

/* Begin PBXGroup section */
		089C166AFE841209C02AAC07 /* smugmugExport */ = {
			isa = PBXGroup;
			children = (
				08FB77AFFE84173DC02AAC07 /* Classes */,
				32C88E010371C26100C91783 /* Other Sources */,
				089C167CFE841241C02AAC07 /* Resources */,
				089C1671FE841209C02AAC07 /* Frameworks and Libraries */,
				19C28FB8FE9D52D311CA2CBB /* Products */,
			);
			name = smugmugExport;
			sourceTree = "<group>";
		};
		089C1671FE841209C02AAC07 /* Frameworks and Libraries */ = {
			isa = PBXGroup;
			children = (
				1058C7ACFEA557BF11CA2CBB /* Linked Frameworks */,
				1058C7AEFEA557BF11CA2CBB /* Other Frameworks */,
			);
			name = "Frameworks and Libraries";
			sourceTree = "<group>";
		};
		089C167CFE841241C02AAC07 /* Resources */ = {
			isa = PBXGroup;
			children = (
				93188E3D0DE9D83700DBC3FC /* Tests-Info.plist */,
				93BD6F180AD84A49007CE525 /* SmugMugExport-Info.plist */,
				932164810B2F78F500624A8D /* SmugMugExport.nib */,
				93C23EA60D96B8DF0022EEE1 /* AlbumEdit.nib */,
			);
			name = Resources;
			sourceTree = "<group>";
		};
		08FB77AFFE84173DC02AAC07 /* Classes */ = {
			isa = PBXGroup;
			children = (
				933AA0C90CB827CF00B7B2A5 /* SMEExportPlugin.h */,
				933AA0CA0CB827CF00B7B2A5 /* SMEExportPlugin.m */,
				93C23E810D96B4290022EEE1 /* SMEAlbumEditController.h */,
				93C23E800D96B4290022EEE1 /* SMEAlbumEditController.m */,
				939FDC8C0E2A5FB6001D6B9B /* SMEGrowlDelegate.h */,
				939FDC8B0E2A5FB6001D6B9B /* SMEGrowlDelegate.m */,
				933AA08F0CB825C900B7B2A5 /* SMEExportBox.h */,
				933AA0900CB825C900B7B2A5 /* SMEExportBox.m */,
				933AA0B00CB8273000B7B2A5 /* SMEUserDefaults.h */,
				933AA0B10CB8273000B7B2A5 /* SMEUserDefaults.m */,
				9319DE380CB91B5D0037023F /* SMEAccountManager.h */,
				9319DE390CB91B5D0037023F /* SMEAccountManager.m */,
				93459D560E8121F2001A5E0B /* SmugMugCore */,
			);
			name = Classes;
			sourceTree = "<group>";
		};
		1058C7ACFEA557BF11CA2CBB /* Linked Frameworks */ = {
			isa = PBXGroup;
			children = (
				9367FD490EE3597C004110B1 /* WebKit.framework */,
				93188D970DE9D5C600DBC3FC /* SenTestingKit.framework */,
				93DE06380DE98DD60029F0FA /* JSON.framework */,
				93CE121E0D5504A800C96591 /* Growl.framework */,
				930DE5BE0B4831D2008120ED /* Security.framework */,
				930961BA0C66A164002B8DAA /* libcrypto.dylib */,
				1058C7ADFEA557BF11CA2CBB /* Cocoa.framework */,
			);
			name = "Linked Frameworks";
			sourceTree = "<group>";
		};
		1058C7AEFEA557BF11CA2CBB /* Other Frameworks */ = {
			isa = PBXGroup;
			children = (
				089C167FFE841241C02AAC07 /* AppKit.framework */,
				089C1672FE841209C02AAC07 /* Foundation.framework */,
			);
			name = "Other Frameworks";
			sourceTree = "<group>";
		};
		19C28FB8FE9D52D311CA2CBB /* Products */ = {
			isa = PBXGroup;
			children = (
				93BD6F170AD84A49007CE525 /* SmugMugExport.iPhotoExporter */,
			);
			name = Products;
			sourceTree = "<group>";
		};
		32C88E010371C26100C91783 /* Other Sources */ = {
			isa = PBXGroup;
			children = (
				9319DE340CB91B560037023F /* SMEGlobals.h */,
				932164B00B2F7BBC00624A8D /* SmugmugExport_Prefix.pch */,
				933A9E5B0CB7C59F00B7B2A5 /* Misc */,
				9394BC8D0ADDBF390066CD67 /* Categories */,
				930453550AD82E5600B932C9 /* iPhoto Interface */,
			);
			name = "Other Sources";
			sourceTree = "<group>";
		};
		930453550AD82E5600B932C9 /* iPhoto Interface */ = {
			isa = PBXGroup;
			children = (
				932164750B2F78D600624A8D /* ExportImageProtocol.h */,
				932164760B2F78D600624A8D /* ExportMgr.h */,
				932164770B2F78D600624A8D /* ExportPluginBoxProtocol.h */,
				932164780B2F78D600624A8D /* ExportPluginProtocol.h */,
			);
			name = "iPhoto Interface";
			sourceTree = "<group>";
		};
		933A9E5B0CB7C59F00B7B2A5 /* Misc */ = {
			isa = PBXGroup;
			children = (
				932010200E854D7200A0341A /* SMEKeychainManager.m */,
				932010210E854D7200A0341A /* SMEKeychainManager.h */,
				933A9E530CB7C53900B7B2A5 /* SMETableView.h */,
				933A9E540CB7C53900B7B2A5 /* SMETableView.m */,
			);
			name = Misc;
			sourceTree = "<group>";
		};
		93459D560E8121F2001A5E0B /* SmugMugCore */ = {
			isa = PBXGroup;
			children = (
				93459D730E8121F2001A5E0B /* SMESmugMugCore.h */,
				93459D570E8121F2001A5E0B /* SMEAccountInfo.h */,
				93459D580E8121F2001A5E0B /* SMEAccountInfo.m */,
				93459D590E8121F2001A5E0B /* SMEAlbum.h */,
				93459D5A0E8121F2001A5E0B /* SMEAlbum.m */,
				93459D5B0E8121F2001A5E0B /* SMEAlbumRef.h */,
				93459D5C0E8121F2001A5E0B /* SMEAlbumRef.m */,
				93459D5D0E8121F2001A5E0B /* SMECategory.h */,
				93459D5E0E8121F2001A5E0B /* SMECategory.m */,
				93459D5F0E8121F2001A5E0B /* SMEConciseAlbum.h */,
				93459D600E8121F2001A5E0B /* SMEConciseAlbum.m */,
				93459D610E8121F2001A5E0B /* SMEData.h */,
				93459D620E8121F2001A5E0B /* SMEData.m */,
				93459D630E8121F2001A5E0B /* SMEDecoder.h */,
				93459D640E8121F2001A5E0B /* SMEImage.h */,
				93459D650E8121F2001A5E0B /* SMEImage.m */,
				93459D660E8121F2001A5E0B /* SMEImageRef.h */,
				93459D670E8121F2001A5E0B /* SMEImageRef.m */,
				93459D680E8121F2001A5E0B /* SMEImageURLs.h */,
				93459D690E8121F2001A5E0B /* SMEImageURLs.m */,
				93459D6A0E8121F2001A5E0B /* SMEJSONDecoder.h */,
				93459D6B0E8121F2001A5E0B /* SMEJSONDecoder.m */,
				93459D6C0E8121F2001A5E0B /* SMEMethodRequest.h */,
				93459D6D0E8121F2001A5E0B /* SMEMethodRequest.m */,
				93459D6E0E8121F2001A5E0B /* SMERequest.h */,
				93459D6F0E8121F2001A5E0B /* SMEResponse.h */,
				93459D700E8121F2001A5E0B /* SMEResponse.m */,
				93459D710E8121F2001A5E0B /* SMESession.h */,
				93459D720E8121F2001A5E0B /* SMESession.m */,
				93459D740E8121F2001A5E0B /* SMESubCategory.h */,
				93459D750E8121F2001A5E0B /* SMESubCategory.m */,
				93459D760E8121F2001A5E0B /* SMEUploadObserver.h */,
				93459D770E8121F2001A5E0B /* SMEUploadRequest.h */,
				93459D780E8121F2001A5E0B /* SMEUploadRequest.m */,
			);
			name = SmugMugCore;
			path = ../../SmugMugCore/releases/1.0.0;
			sourceTree = SOURCE_ROOT;
		};
		9394BC8D0ADDBF390066CD67 /* Categories */ = {
			isa = PBXGroup;
			children = (
				937FE0AF0E80926F00D2F5CE /* SMEDataAdditions.h */,
				937FE0B00E80926F00D2F5CE /* SMEDataAdditions.m */,
				93ED9E190E22C5A800572F50 /* SMEBitmapImageRepAdditions.h */,
				93ED9E1A0E22C5A800572F50 /* SMEBitmapImageRepAdditions.m */,
				935A1A840C1CC2CC00043E12 /* SMEUserDefaultsAdditions.h */,
				935A1A850C1CC2CC00043E12 /* SMEUserDefaultsAdditions.m */,
			);
			name = Categories;
			sourceTree = "<group>";
		};
/* End PBXGroup section */

/* Begin PBXNativeTarget section */
		93BD6F160AD84A49007CE525 /* SmugMugExport */ = {
			isa = PBXNativeTarget;
			buildConfigurationList = 93BD6F190AD84A49007CE525 /* Build configuration list for PBXNativeTarget "SmugMugExport" */;
			buildPhases = (
				93CE107A0D54F53E00C96591 /* Copy Frameworks */,
				93BD6F130AD84A49007CE525 /* Resources */,
				93BD6F140AD84A49007CE525 /* Sources */,
				93BD6F150AD84A49007CE525 /* Frameworks */,
				932166140B32120800624A8D /* Install */,
			);
			buildRules = (
			);
			dependencies = (
			);
			name = SmugMugExport;
			productName = smugmugExporrt;
			productReference = 93BD6F170AD84A49007CE525 /* SmugMugExport.iPhotoExporter */;
			productType = "com.apple.product-type.bundle";
		};
/* End PBXNativeTarget section */

/* Begin PBXProject section */
		089C1669FE841209C02AAC07 /* Project object */ = {
			isa = PBXProject;
			buildConfigurationList = 1DEB913E08733D840010E9CD /* Build configuration list for PBXProject "SmugMugExport" */;
			compatibilityVersion = "Xcode 2.4";
			hasScannedForEncodings = 1;
			mainGroup = 089C166AFE841209C02AAC07 /* smugmugExport */;
			projectDirPath = "";
			projectRoot = "";
			targets = (
				93BD6F160AD84A49007CE525 /* SmugMugExport */,
			);
		};
/* End PBXProject section */

/* Begin PBXResourcesBuildPhase section */
		93BD6F130AD84A49007CE525 /* Resources */ = {
			isa = PBXResourcesBuildPhase;
			buildActionMask = 2147483647;
			files = (
				932164860B2F78F500624A8D /* SmugMugExport.nib in Resources */,
				93C23EA70D96B8DF0022EEE1 /* AlbumEdit.nib in Resources */,
			);
			runOnlyForDeploymentPostprocessing = 0;
		};
/* End PBXResourcesBuildPhase section */

/* Begin PBXShellScriptBuildPhase section */
		932166140B32120800624A8D /* Install */ = {
			isa = PBXShellScriptBuildPhase;
			buildActionMask = 12;
			files = (
			);
			inputPaths = (
			);
			name = Install;
			outputPaths = (
			);
			runOnlyForDeploymentPostprocessing = 0;
			shellPath = /bin/sh;
			shellScript = "#!/bin/bash\n\nDST=/Applications/iPhoto.app/Contents/PlugIns\nPREV_EXPORTER=$DST/SmugMugExport.iPhotoExporter\nNEW_EXPORTER=$TARGET_BUILD_DIR/SmugMugExport.iPhotoExporter\n\nmkdir -p \"${DST}\"\n\necho \"rm -Rf $PREV_EXPORTER && cp -R $NEW_EXPORTER $DST\"\nrm -Rf \"$PREV_EXPORTER\" && cp -R $NEW_EXPORTER \"$DST\"\n";
		};
/* End PBXShellScriptBuildPhase section */

/* Begin PBXSourcesBuildPhase section */
		93BD6F140AD84A49007CE525 /* Sources */ = {
			isa = PBXSourcesBuildPhase;
			buildActionMask = 2147483647;
			files = (
				935A1A870C1CC2CC00043E12 /* SMEUserDefaultsAdditions.m in Sources */,
				933A9E560CB7C53900B7B2A5 /* SMETableView.m in Sources */,
				933AA0920CB825CA00B7B2A5 /* SMEExportBox.m in Sources */,
				933AA0B30CB8273000B7B2A5 /* SMEUserDefaults.m in Sources */,
				933AA0CC0CB827CF00B7B2A5 /* SMEExportPlugin.m in Sources */,
				9319DE3B0CB91B5D0037023F /* SMEAccountManager.m in Sources */,
				93C23E820D96B4290022EEE1 /* SMEAlbumEditController.m in Sources */,
				93ED9E1B0E22C5A800572F50 /* SMEBitmapImageRepAdditions.m in Sources */,
				939FDC8D0E2A5FB6001D6B9B /* SMEGrowlDelegate.m in Sources */,
				937FE0B70E80926F00D2F5CE /* SMEDataAdditions.m in Sources */,
				93459D790E8121F2001A5E0B /* SMEAccountInfo.m in Sources */,
				93459D7A0E8121F2001A5E0B /* SMEAlbum.m in Sources */,
				93459D7B0E8121F2001A5E0B /* SMEAlbumRef.m in Sources */,
				93459D7C0E8121F2001A5E0B /* SMECategory.m in Sources */,
				93459D7D0E8121F2001A5E0B /* SMEConciseAlbum.m in Sources */,
				93459D7E0E8121F2001A5E0B /* SMEData.m in Sources */,
				93459D7F0E8121F2001A5E0B /* SMEImage.m in Sources */,
				93459D800E8121F2001A5E0B /* SMEImageRef.m in Sources */,
				93459D810E8121F2001A5E0B /* SMEImageURLs.m in Sources */,
				93459D820E8121F2001A5E0B /* SMEJSONDecoder.m in Sources */,
				93459D830E8121F2001A5E0B /* SMEMethodRequest.m in Sources */,
				93459D840E8121F2001A5E0B /* SMEResponse.m in Sources */,
				93459D850E8121F2001A5E0B /* SMESession.m in Sources */,
				93459D860E8121F2001A5E0B /* SMESubCategory.m in Sources */,
				93459D870E8121F2001A5E0B /* SMEUploadRequest.m in Sources */,
				932010220E854D7200A0341A /* SMEKeychainManager.m in Sources */,
			);
			runOnlyForDeploymentPostprocessing = 0;
		};
/* End PBXSourcesBuildPhase section */

/* Begin XCBuildConfiguration section */
		1DEB913F08733D840010E9CD /* Debug */ = {
			isa = XCBuildConfiguration;
			buildSettings = {
				GCC_ENABLE_OBJC_EXCEPTIONS = YES;
				GCC_WARN_ABOUT_RETURN_TYPE = YES;
				GCC_WARN_UNUSED_VARIABLE = YES;
				PREBINDING = NO;
				SDKROOT = /Developer/SDKs/MacOSX10.4u.sdk;
			};
			name = Debug;
		};
		1DEB914008733D840010E9CD /* Release */ = {
			isa = XCBuildConfiguration;
			buildSettings = {
				GCC_ENABLE_OBJC_EXCEPTIONS = YES;
				GCC_WARN_ABOUT_RETURN_TYPE = YES;
				GCC_WARN_UNUSED_VARIABLE = YES;
				PREBINDING = NO;
				SDKROOT = /Developer/SDKs/MacOSX10.4u.sdk;
			};
			name = Release;
		};
		93BD6F1A0AD84A49007CE525 /* Debug */ = {
			isa = XCBuildConfiguration;
			buildSettings = {
				ALWAYS_SEARCH_USER_PATHS = YES;
				COPY_PHASE_STRIP = NO;
				CURRENT_PROJECT_VERSION = 14;
				FRAMEWORK_SEARCH_PATHS = (
					"$(inherited)",
					"$(FRAMEWORK_SEARCH_PATHS_QUOTED_FOR_TARGET_1)",
					"$(FRAMEWORK_SEARCH_PATHS_QUOTED_FOR_TARGET_2)",
					"$(FRAMEWORK_SEARCH_PATHS_QUOTED_FOR_TARGET_3)",
				);
				FRAMEWORK_SEARCH_PATHS_QUOTED_FOR_TARGET_1 = "\"$(SRCROOT)/Resources/Frameworks\"";
				FRAMEWORK_SEARCH_PATHS_QUOTED_FOR_TARGET_2 = "\"$(SRCROOT)/Resources/Frameworks\"";
				FRAMEWORK_SEARCH_PATHS_QUOTED_FOR_TARGET_3 = "\"$(DEVELOPER_FRAMEWORKS_DIR)\"";
				GCC_DYNAMIC_NO_PIC = NO;
				GCC_ENABLE_FIX_AND_CONTINUE = YES;
				GCC_GENERATE_DEBUGGING_SYMBOLS = YES;
				GCC_MODEL_TUNING = "";
				GCC_OPTIMIZATION_LEVEL = 0;
				GCC_PRECOMPILE_PREFIX_HEADER = YES;
				GCC_PREFIX_HEADER = "$(SYSTEM_LIBRARY_DIR)/Frameworks/Carbon.framework/Headers/Carbon.h";
				GCC_WARN_UNUSED_FUNCTION = YES;
				GCC_WARN_UNUSED_LABEL = YES;
				GCC_WARN_UNUSED_VALUE = YES;
				HEADER_SEARCH_PATHS = "";
				INFOPLIST_FILE = "Resources/SmugMugExport-Info.plist";
				INSTALL_PATH = "$(HOME)/Library/Bundles";
				OTHER_LDFLAGS = (
					"-framework",
					Carbon,
					"-weak_framework",
					Growl,
				);
				PREBINDING = NO;
				PRODUCT_NAME = SmugMugExport;
				VERSIONING_SYSTEM = "apple-generic";
				VERSION_INFO_PREFIX = SME;
				WRAPPER_EXTENSION = iPhotoExporter;
				ZERO_LINK = YES;
			};
			name = Debug;
		};
		93BD6F1B0AD84A49007CE525 /* Release */ = {
			isa = XCBuildConfiguration;
			buildSettings = {
				ALWAYS_SEARCH_USER_PATHS = YES;
				ARCHS = (
					"$(NATIVE_ARCH)",
					ppc,
				);
				COPY_PHASE_STRIP = YES;
				CURRENT_PROJECT_VERSION = 14;
				FRAMEWORK_SEARCH_PATHS = (
					"$(inherited)",
					"$(FRAMEWORK_SEARCH_PATHS_QUOTED_FOR_TARGET_1)",
					"$(FRAMEWORK_SEARCH_PATHS_QUOTED_FOR_TARGET_2)",
					"$(FRAMEWORK_SEARCH_PATHS_QUOTED_FOR_TARGET_3)",
				);
				FRAMEWORK_SEARCH_PATHS_QUOTED_FOR_TARGET_1 = "\"$(SRCROOT)/Resources/Frameworks\"";
				FRAMEWORK_SEARCH_PATHS_QUOTED_FOR_TARGET_2 = "\"$(SRCROOT)/Resources/Frameworks\"";
				FRAMEWORK_SEARCH_PATHS_QUOTED_FOR_TARGET_3 = "\"$(DEVELOPER_FRAMEWORKS_DIR)\"";
				GCC_ENABLE_FIX_AND_CONTINUE = NO;
				GCC_GENERATE_DEBUGGING_SYMBOLS = NO;
				GCC_MODEL_TUNING = "";
				GCC_PRECOMPILE_PREFIX_HEADER = YES;
				GCC_PREFIX_HEADER = "$(SYSTEM_LIBRARY_DIR)/Frameworks/Carbon.framework/Headers/Carbon.h";
				HEADER_SEARCH_PATHS = "";
				INFOPLIST_FILE = "Resources/SmugMugExport-Info.plist";
				INSTALL_PATH = "$(HOME)/Library/Bundles";
				OTHER_LDFLAGS = (
					"-framework",
					Carbon,
					"-weak_framework",
					Growl,
				);
				PREBINDING = NO;
				PRODUCT_NAME = SmugMugExport;
				VERSIONING_SYSTEM = "apple-generic";
				VERSION_INFO_PREFIX = SME;
				WRAPPER_EXTENSION = iPhotoExporter;
				ZERO_LINK = NO;
			};
			name = Release;
		};
/* End XCBuildConfiguration section */

/* Begin XCConfigurationList section */
		1DEB913E08733D840010E9CD /* Build configuration list for PBXProject "SmugMugExport" */ = {
			isa = XCConfigurationList;
			buildConfigurations = (
				1DEB913F08733D840010E9CD /* Debug */,
				1DEB914008733D840010E9CD /* Release */,
			);
			defaultConfigurationIsVisible = 0;
			defaultConfigurationName = Release;
		};
		93BD6F190AD84A49007CE525 /* Build configuration list for PBXNativeTarget "SmugMugExport" */ = {
			isa = XCConfigurationList;
			buildConfigurations = (
				93BD6F1A0AD84A49007CE525 /* Debug */,
				93BD6F1B0AD84A49007CE525 /* Release */,
			);
			defaultConfigurationIsVisible = 0;
			defaultConfigurationName = Release;
		};
/* End XCConfigurationList section */
	};
	rootObject = 089C1669FE841209C02AAC07 /* Project object */;
}
